// !$*UTF8*$!
{
	archiveVersion = 1;
	classes = {
	};
	objectVersion = 56;
	objects = {

/* Begin PBXBuildFile section */
		5D1296D32C55B05B00A9D40D /* Oxford_Picture_DictionaryApp.swift in Sources */ = {isa = PBXBuildFile; fileRef = 5D1296D22C55B05B00A9D40D /* Oxford_Picture_DictionaryApp.swift */; };
		5D1296D52C55B05B00A9D40D /* ContentView.swift in Sources */ = {isa = PBXBuildFile; fileRef = 5D1296D42C55B05B00A9D40D /* ContentView.swift */; };
		5D1296D92C55B05D00A9D40D /* Assets.xcassets in Resources */ = {isa = PBXBuildFile; fileRef = 5D1296D82C55B05D00A9D40D /* Assets.xcassets */; };
		5D1296DC2C55B05D00A9D40D /* Preview Assets.xcassets in Resources */ = {isa = PBXBuildFile; fileRef = 5D1296DB2C55B05D00A9D40D /* Preview Assets.xcassets */; };
		5D1296E62C55B05E00A9D40D /* Oxford_Picture_DictionaryTests.swift in Sources */ = {isa = PBXBuildFile; fileRef = 5D1296E52C55B05E00A9D40D /* Oxford_Picture_DictionaryTests.swift */; };
		5D1296F02C55B05E00A9D40D /* Oxford_Picture_DictionaryUITests.swift in Sources */ = {isa = PBXBuildFile; fileRef = 5D1296EF2C55B05E00A9D40D /* Oxford_Picture_DictionaryUITests.swift */; };
		5D1296F22C55B05E00A9D40D /* Oxford_Picture_DictionaryUITestsLaunchTests.swift in Sources */ = {isa = PBXBuildFile; fileRef = 5D1296F12C55B05E00A9D40D /* Oxford_Picture_DictionaryUITestsLaunchTests.swift */; };
		5D1296FF2C55B2F700A9D40D /* Bubble.swift in Sources */ = {isa = PBXBuildFile; fileRef = 5D1296FE2C55B2F700A9D40D /* Bubble.swift */; };
		5D1297012C55B39800A9D40D /* BubbleImageView.swift in Sources */ = {isa = PBXBuildFile; fileRef = 5D1297002C55B39700A9D40D /* BubbleImageView.swift */; };
		5D1297052C55BCC400A9D40D /* DragBubbleImageView.swift in Sources */ = {isa = PBXBuildFile; fileRef = 5D1297042C55BCC400A9D40D /* DragBubbleImageView.swift */; };
		5D37DDC02C64699C0099C54E /* LangButton.swift in Sources */ = {isa = PBXBuildFile; fileRef = 5D37DDBF2C64699C0099C54E /* LangButton.swift */; };
		5D37DDC22C6469A90099C54E /* LangView.swift in Sources */ = {isa = PBXBuildFile; fileRef = 5D37DDC12C6469A90099C54E /* LangView.swift */; };
		5D37DDC42C646A1E0099C54E /* LangManager.swift in Sources */ = {isa = PBXBuildFile; fileRef = 5D37DDC32C646A1E0099C54E /* LangManager.swift */; };
		5D37DDC62C646A520099C54E /* Lang.swift in Sources */ = {isa = PBXBuildFile; fileRef = 5D37DDC52C646A520099C54E /* Lang.swift */; };
		5D37DDCC2C6476710099C54E /* LangFileLoader.swift in Sources */ = {isa = PBXBuildFile; fileRef = 5D37DDCB2C6476710099C54E /* LangFileLoader.swift */; };
		5D37DE332C647E080099C54E /* p85-en.csv in Resources */ = {isa = PBXBuildFile; fileRef = 5D37DDCD2C647E040099C54E /* p85-en.csv */; };
		5D37DE342C647E080099C54E /* p17-en.csv in Resources */ = {isa = PBXBuildFile; fileRef = 5D37DDCE2C647E040099C54E /* p17-en.csv */; };
		5D37DE352C647E080099C54E /* p75-en.csv in Resources */ = {isa = PBXBuildFile; fileRef = 5D37DDCF2C647E040099C54E /* p75-en.csv */; };
		5D37DE362C647E080099C54E /* p31-en.csv in Resources */ = {isa = PBXBuildFile; fileRef = 5D37DDD02C647E040099C54E /* p31-en.csv */; };
		5D37DE372C647E080099C54E /* p30-en.csv in Resources */ = {isa = PBXBuildFile; fileRef = 5D37DDD12C647E040099C54E /* p30-en.csv */; };
		5D37DE382C647E080099C54E /* p101-en.csv in Resources */ = {isa = PBXBuildFile; fileRef = 5D37DDD22C647E040099C54E /* p101-en.csv */; };
		5D37DE392C647E080099C54E /* p59-en.csv in Resources */ = {isa = PBXBuildFile; fileRef = 5D37DDD32C647E040099C54E /* p59-en.csv */; };
		5D37DE3A2C647E080099C54E /* p70-en.csv in Resources */ = {isa = PBXBuildFile; fileRef = 5D37DDD42C647E040099C54E /* p70-en.csv */; };
		5D37DE3B2C647E080099C54E /* p79-en.csv in Resources */ = {isa = PBXBuildFile; fileRef = 5D37DDD52C647E040099C54E /* p79-en.csv */; };
		5D37DE3C2C647E080099C54E /* p50-en.csv in Resources */ = {isa = PBXBuildFile; fileRef = 5D37DDD62C647E040099C54E /* p50-en.csv */; };
		5D37DE3D2C647E080099C54E /* p74-en.csv in Resources */ = {isa = PBXBuildFile; fileRef = 5D37DDD72C647E040099C54E /* p74-en.csv */; };
		5D37DE3E2C647E080099C54E /* p67-en.csv in Resources */ = {isa = PBXBuildFile; fileRef = 5D37DDD82C647E040099C54E /* p67-en.csv */; };
		5D37DE3F2C647E080099C54E /* p40-en.csv in Resources */ = {isa = PBXBuildFile; fileRef = 5D37DDD92C647E050099C54E /* p40-en.csv */; };
		5D37DE402C647E080099C54E /* p94-en.csv in Resources */ = {isa = PBXBuildFile; fileRef = 5D37DDDA2C647E050099C54E /* p94-en.csv */; };
		5D37DE412C647E080099C54E /* p26-en.csv in Resources */ = {isa = PBXBuildFile; fileRef = 5D37DDDB2C647E050099C54E /* p26-en.csv */; };
		5D37DE422C647E080099C54E /* p68-en.csv in Resources */ = {isa = PBXBuildFile; fileRef = 5D37DDDC2C647E050099C54E /* p68-en.csv */; };
		5D37DE432C647E080099C54E /* p51-en.csv in Resources */ = {isa = PBXBuildFile; fileRef = 5D37DDDD2C647E050099C54E /* p51-en.csv */; };
		5D37DE442C647E080099C54E /* p24-en.csv in Resources */ = {isa = PBXBuildFile; fileRef = 5D37DDDE2C647E050099C54E /* p24-en.csv */; };
		5D37DE452C647E080099C54E /* p95-en.csv in Resources */ = {isa = PBXBuildFile; fileRef = 5D37DDDF2C647E050099C54E /* p95-en.csv */; };
		5D37DE462C647E090099C54E /* p60-en.csv in Resources */ = {isa = PBXBuildFile; fileRef = 5D37DDE02C647E050099C54E /* p60-en.csv */; };
		5D37DE472C647E090099C54E /* p71-en.csv in Resources */ = {isa = PBXBuildFile; fileRef = 5D37DDE12C647E050099C54E /* p71-en.csv */; };
		5D37DE482C647E090099C54E /* p83-en.csv in Resources */ = {isa = PBXBuildFile; fileRef = 5D37DDE22C647E050099C54E /* p83-en.csv */; };
		5D37DE492C647E090099C54E /* p18-en.csv in Resources */ = {isa = PBXBuildFile; fileRef = 5D37DDE32C647E050099C54E /* p18-en.csv */; };
		5D37DE4A2C647E090099C54E /* p14-en.csv in Resources */ = {isa = PBXBuildFile; fileRef = 5D37DDE42C647E050099C54E /* p14-en.csv */; };
		5D37DE4B2C647E090099C54E /* p32-en.csv in Resources */ = {isa = PBXBuildFile; fileRef = 5D37DDE52C647E050099C54E /* p32-en.csv */; };
		5D37DE4C2C647E090099C54E /* p100-en.csv in Resources */ = {isa = PBXBuildFile; fileRef = 5D37DDE62C647E050099C54E /* p100-en.csv */; };
		5D37DE4D2C647E090099C54E /* p97-en.csv in Resources */ = {isa = PBXBuildFile; fileRef = 5D37DDE72C647E050099C54E /* p97-en.csv */; };
		5D37DE4E2C647E090099C54E /* p63-en.csv in Resources */ = {isa = PBXBuildFile; fileRef = 5D37DDE82C647E050099C54E /* p63-en.csv */; };
		5D37DE4F2C647E090099C54E /* p25-en.csv in Resources */ = {isa = PBXBuildFile; fileRef = 5D37DDE92C647E050099C54E /* p25-en.csv */; };
		5D37DE502C647E090099C54E /* p54-en.csv in Resources */ = {isa = PBXBuildFile; fileRef = 5D37DDEA2C647E050099C54E /* p54-en.csv */; };
		5D37DE512C647E090099C54E /* p76-en.csv in Resources */ = {isa = PBXBuildFile; fileRef = 5D37DDEB2C647E050099C54E /* p76-en.csv */; };
		5D37DE522C647E090099C54E /* p69-en.csv in Resources */ = {isa = PBXBuildFile; fileRef = 5D37DDEC2C647E050099C54E /* p69-en.csv */; };
		5D37DE532C647E090099C54E /* p38-en.csv in Resources */ = {isa = PBXBuildFile; fileRef = 5D37DDED2C647E050099C54E /* p38-en.csv */; };
		5D37DE542C647E090099C54E /* p102-en.csv in Resources */ = {isa = PBXBuildFile; fileRef = 5D37DDEE2C647E050099C54E /* p102-en.csv */; };
		5D37DE552C647E090099C54E /* p86-en.csv in Resources */ = {isa = PBXBuildFile; fileRef = 5D37DDEF2C647E060099C54E /* p86-en.csv */; };
		5D37DE562C647E090099C54E /* p46-en.csv in Resources */ = {isa = PBXBuildFile; fileRef = 5D37DDF02C647E060099C54E /* p46-en.csv */; };
		5D37DE572C647E090099C54E /* p7-en.csv in Resources */ = {isa = PBXBuildFile; fileRef = 5D37DDF12C647E060099C54E /* p7-en.csv */; };
		5D37DE582C647E090099C54E /* p21-en.csv in Resources */ = {isa = PBXBuildFile; fileRef = 5D37DDF22C647E060099C54E /* p21-en.csv */; };
		5D37DE592C647E090099C54E /* p28-en.csv in Resources */ = {isa = PBXBuildFile; fileRef = 5D37DDF32C647E060099C54E /* p28-en.csv */; };
		5D37DE5A2C647E090099C54E /* p91-en.csv in Resources */ = {isa = PBXBuildFile; fileRef = 5D37DDF42C647E060099C54E /* p91-en.csv */; };
		5D37DE5B2C647E090099C54E /* p96-en.csv in Resources */ = {isa = PBXBuildFile; fileRef = 5D37DDF52C647E060099C54E /* p96-en.csv */; };
		5D37DE5C2C647E090099C54E /* p73-en.csv in Resources */ = {isa = PBXBuildFile; fileRef = 5D37DDF62C647E060099C54E /* p73-en.csv */; };
		5D37DE5D2C647E090099C54E /* p15-en.csv in Resources */ = {isa = PBXBuildFile; fileRef = 5D37DDF72C647E060099C54E /* p15-en.csv */; };
		5D37DE5E2C647E090099C54E /* p5-en.csv in Resources */ = {isa = PBXBuildFile; fileRef = 5D37DDF82C647E060099C54E /* p5-en.csv */; };
		5D37DE5F2C647E090099C54E /* p52-en.csv in Resources */ = {isa = PBXBuildFile; fileRef = 5D37DDF92C647E060099C54E /* p52-en.csv */; };
		5D37DE602C647E090099C54E /* p2-en.csv in Resources */ = {isa = PBXBuildFile; fileRef = 5D37DDFA2C647E060099C54E /* p2-en.csv */; };
		5D37DE612C647E090099C54E /* p35-en.csv in Resources */ = {isa = PBXBuildFile; fileRef = 5D37DDFB2C647E060099C54E /* p35-en.csv */; };
		5D37DE622C647E090099C54E /* p20-en.csv in Resources */ = {isa = PBXBuildFile; fileRef = 5D37DDFC2C647E060099C54E /* p20-en.csv */; };
		5D37DE632C647E090099C54E /* p58-en.csv in Resources */ = {isa = PBXBuildFile; fileRef = 5D37DDFD2C647E060099C54E /* p58-en.csv */; };
		5D37DE642C647E090099C54E /* p61-en.csv in Resources */ = {isa = PBXBuildFile; fileRef = 5D37DDFE2C647E060099C54E /* p61-en.csv */; };
		5D37DE652C647E090099C54E /* p65-en.csv in Resources */ = {isa = PBXBuildFile; fileRef = 5D37DDFF2C647E060099C54E /* p65-en.csv */; };
		5D37DE662C647E090099C54E /* p9-en.csv in Resources */ = {isa = PBXBuildFile; fileRef = 5D37DE002C647E060099C54E /* p9-en.csv */; };
		5D37DE672C647E090099C54E /* p88-en.csv in Resources */ = {isa = PBXBuildFile; fileRef = 5D37DE012C647E060099C54E /* p88-en.csv */; };
		5D37DE682C647E090099C54E /* p3-en.csv in Resources */ = {isa = PBXBuildFile; fileRef = 5D37DE022C647E060099C54E /* p3-en.csv */; };
		5D37DE692C647E090099C54E /* p80-en.csv in Resources */ = {isa = PBXBuildFile; fileRef = 5D37DE032C647E060099C54E /* p80-en.csv */; };
		5D37DE6A2C647E090099C54E /* p33-en.csv in Resources */ = {isa = PBXBuildFile; fileRef = 5D37DE042C647E060099C54E /* p33-en.csv */; };
		5D37DE6B2C647E090099C54E /* p92-en.csv in Resources */ = {isa = PBXBuildFile; fileRef = 5D37DE052C647E060099C54E /* p92-en.csv */; };
		5D37DE6C2C647E090099C54E /* p43-en.csv in Resources */ = {isa = PBXBuildFile; fileRef = 5D37DE062C647E070099C54E /* p43-en.csv */; };
		5D37DE6D2C647E090099C54E /* p12-en.csv in Resources */ = {isa = PBXBuildFile; fileRef = 5D37DE072C647E070099C54E /* p12-en.csv */; };
		5D37DE6E2C647E090099C54E /* p41-en.csv in Resources */ = {isa = PBXBuildFile; fileRef = 5D37DE082C647E070099C54E /* p41-en.csv */; };
		5D37DE6F2C647E090099C54E /* p45-en.csv in Resources */ = {isa = PBXBuildFile; fileRef = 5D37DE092C647E070099C54E /* p45-en.csv */; };
		5D37DE702C647E090099C54E /* p8-en.csv in Resources */ = {isa = PBXBuildFile; fileRef = 5D37DE0A2C647E070099C54E /* p8-en.csv */; };
		5D37DE712C647E090099C54E /* p64-en.csv in Resources */ = {isa = PBXBuildFile; fileRef = 5D37DE0B2C647E070099C54E /* p64-en.csv */; };
		5D37DE722C647E090099C54E /* p93-en.csv in Resources */ = {isa = PBXBuildFile; fileRef = 5D37DE0C2C647E070099C54E /* p93-en.csv */; };
		5D37DE732C647E090099C54E /* p47-en.csv in Resources */ = {isa = PBXBuildFile; fileRef = 5D37DE0D2C647E070099C54E /* p47-en.csv */; };
		5D37DE742C647E090099C54E /* p62-en.csv in Resources */ = {isa = PBXBuildFile; fileRef = 5D37DE0E2C647E070099C54E /* p62-en.csv */; };
		5D37DE752C647E090099C54E /* p48-en.csv in Resources */ = {isa = PBXBuildFile; fileRef = 5D37DE0F2C647E070099C54E /* p48-en.csv */; };
		5D37DE762C647E090099C54E /* p98-en.csv in Resources */ = {isa = PBXBuildFile; fileRef = 5D37DE102C647E070099C54E /* p98-en.csv */; };
		5D37DE772C647E090099C54E /* p36-en.csv in Resources */ = {isa = PBXBuildFile; fileRef = 5D37DE112C647E070099C54E /* p36-en.csv */; };
		5D37DE782C647E090099C54E /* p72-en.csv in Resources */ = {isa = PBXBuildFile; fileRef = 5D37DE122C647E070099C54E /* p72-en.csv */; };
		5D37DE792C647E090099C54E /* p53-en.csv in Resources */ = {isa = PBXBuildFile; fileRef = 5D37DE132C647E070099C54E /* p53-en.csv */; };
		5D37DE7A2C647E090099C54E /* p34-en.csv in Resources */ = {isa = PBXBuildFile; fileRef = 5D37DE142C647E070099C54E /* p34-en.csv */; };
		5D37DE7B2C647E090099C54E /* p84-en.csv in Resources */ = {isa = PBXBuildFile; fileRef = 5D37DE152C647E070099C54E /* p84-en.csv */; };
		5D37DE7C2C647E090099C54E /* p55-en.csv in Resources */ = {isa = PBXBuildFile; fileRef = 5D37DE162C647E070099C54E /* p55-en.csv */; };
		5D37DE7D2C647E090099C54E /* p16-en.csv in Resources */ = {isa = PBXBuildFile; fileRef = 5D37DE172C647E070099C54E /* p16-en.csv */; };
		5D37DE7E2C647E090099C54E /* p27-en.csv in Resources */ = {isa = PBXBuildFile; fileRef = 5D37DE182C647E070099C54E /* p27-en.csv */; };
		5D37DE7F2C647E090099C54E /* p29-en.csv in Resources */ = {isa = PBXBuildFile; fileRef = 5D37DE192C647E070099C54E /* p29-en.csv */; };
		5D37DE802C647E090099C54E /* p42-en.csv in Resources */ = {isa = PBXBuildFile; fileRef = 5D37DE1A2C647E070099C54E /* p42-en.csv */; };
		5D37DE812C647E090099C54E /* p44-en.csv in Resources */ = {isa = PBXBuildFile; fileRef = 5D37DE1B2C647E070099C54E /* p44-en.csv */; };
		5D37DE822C647E090099C54E /* p81-en.csv in Resources */ = {isa = PBXBuildFile; fileRef = 5D37DE1C2C647E070099C54E /* p81-en.csv */; };
		5D37DE832C647E090099C54E /* p10-en.csv in Resources */ = {isa = PBXBuildFile; fileRef = 5D37DE1D2C647E080099C54E /* p10-en.csv */; };
		5D37DE842C647E090099C54E /* p99-en.csv in Resources */ = {isa = PBXBuildFile; fileRef = 5D37DE1E2C647E080099C54E /* p99-en.csv */; };
		5D37DE852C647E090099C54E /* p6-en.csv in Resources */ = {isa = PBXBuildFile; fileRef = 5D37DE1F2C647E080099C54E /* p6-en.csv */; };
		5D37DE862C647E090099C54E /* p87-en.csv in Resources */ = {isa = PBXBuildFile; fileRef = 5D37DE202C647E080099C54E /* p87-en.csv */; };
		5D37DE872C647E090099C54E /* p77-en.csv in Resources */ = {isa = PBXBuildFile; fileRef = 5D37DE212C647E080099C54E /* p77-en.csv */; };
		5D37DE882C647E090099C54E /* p82-en.csv in Resources */ = {isa = PBXBuildFile; fileRef = 5D37DE222C647E080099C54E /* p82-en.csv */; };
		5D37DE892C647E090099C54E /* p57-en.csv in Resources */ = {isa = PBXBuildFile; fileRef = 5D37DE232C647E080099C54E /* p57-en.csv */; };
		5D37DE8A2C647E090099C54E /* p56-en.csv in Resources */ = {isa = PBXBuildFile; fileRef = 5D37DE242C647E080099C54E /* p56-en.csv */; };
		5D37DE8B2C647E090099C54E /* p13-en.csv in Resources */ = {isa = PBXBuildFile; fileRef = 5D37DE252C647E080099C54E /* p13-en.csv */; };
		5D37DE8C2C647E090099C54E /* p90-en.csv in Resources */ = {isa = PBXBuildFile; fileRef = 5D37DE262C647E080099C54E /* p90-en.csv */; };
		5D37DE8D2C647E090099C54E /* p89-en.csv in Resources */ = {isa = PBXBuildFile; fileRef = 5D37DE272C647E080099C54E /* p89-en.csv */; };
		5D37DE8E2C647E090099C54E /* p39-en.csv in Resources */ = {isa = PBXBuildFile; fileRef = 5D37DE282C647E080099C54E /* p39-en.csv */; };
		5D37DE8F2C647E090099C54E /* p4-en.csv in Resources */ = {isa = PBXBuildFile; fileRef = 5D37DE292C647E080099C54E /* p4-en.csv */; };
		5D37DE902C647E090099C54E /* p22-en.csv in Resources */ = {isa = PBXBuildFile; fileRef = 5D37DE2A2C647E080099C54E /* p22-en.csv */; };
		5D37DE912C647E090099C54E /* p49-en.csv in Resources */ = {isa = PBXBuildFile; fileRef = 5D37DE2B2C647E080099C54E /* p49-en.csv */; };
		5D37DE922C647E090099C54E /* p37-en.csv in Resources */ = {isa = PBXBuildFile; fileRef = 5D37DE2C2C647E080099C54E /* p37-en.csv */; };
		5D37DE932C647E090099C54E /* p11-en.csv in Resources */ = {isa = PBXBuildFile; fileRef = 5D37DE2D2C647E080099C54E /* p11-en.csv */; };
		5D37DE942C647E090099C54E /* p66-en.csv in Resources */ = {isa = PBXBuildFile; fileRef = 5D37DE2E2C647E080099C54E /* p66-en.csv */; };
		5D37DE952C647E090099C54E /* p19-en.csv in Resources */ = {isa = PBXBuildFile; fileRef = 5D37DE2F2C647E080099C54E /* p19-en.csv */; };
		5D37DE962C647E090099C54E /* p78-en.csv in Resources */ = {isa = PBXBuildFile; fileRef = 5D37DE302C647E080099C54E /* p78-en.csv */; };
		5D37DE972C647E090099C54E /* p23-en.csv in Resources */ = {isa = PBXBuildFile; fileRef = 5D37DE312C647E080099C54E /* p23-en.csv */; };
		5D37DE982C647E090099C54E /* p103-en.csv in Resources */ = {isa = PBXBuildFile; fileRef = 5D37DE322C647E080099C54E /* p103-en.csv */; };
		5DAF8EBB2C62ADA200B41F0A /* Constants.swift in Sources */ = {isa = PBXBuildFile; fileRef = 5DAF8EBA2C62ADA200B41F0A /* Constants.swift */; };
		5DAF8EBD2C62ADB000B41F0A /* UserDefaultsUtils.swift in Sources */ = {isa = PBXBuildFile; fileRef = 5DAF8EBC2C62ADB000B41F0A /* UserDefaultsUtils.swift */; };
		5DAF8EC02C62ADE200B41F0A /* Color.swift in Sources */ = {isa = PBXBuildFile; fileRef = 5DAF8EBF2C62ADE200B41F0A /* Color.swift */; };
		5DAF8EC52C63173B00B41F0A /* LaunchScreen.storyboard in Resources */ = {isa = PBXBuildFile; fileRef = 5DAF8EC42C63173B00B41F0A /* LaunchScreen.storyboard */; };
		5DB2E3E72C581B9B00E03552 /* SpeechManager.swift in Sources */ = {isa = PBXBuildFile; fileRef = 5DB2E3E62C581B9B00E03552 /* SpeechManager.swift */; };
		5DB2E3E92C58242200E03552 /* SpeechAdjustView.swift in Sources */ = {isa = PBXBuildFile; fileRef = 5DB2E3E82C58242200E03552 /* SpeechAdjustView.swift */; };
		5DB2E3EC2C58477700E03552 /* FloatSlider.swift in Sources */ = {isa = PBXBuildFile; fileRef = 5DB2E3EB2C58477700E03552 /* FloatSlider.swift */; };
		5DB2E3F02C58552600E03552 /* PercentObservableObject.swift in Sources */ = {isa = PBXBuildFile; fileRef = 5DB2E3EF2C58552600E03552 /* PercentObservableObject.swift */; };
/* End PBXBuildFile section */

/* Begin PBXContainerItemProxy section */
		5D1296E22C55B05E00A9D40D /* PBXContainerItemProxy */ = {
			isa = PBXContainerItemProxy;
			containerPortal = 5D1296C72C55B05B00A9D40D /* Project object */;
			proxyType = 1;
			remoteGlobalIDString = 5D1296CE2C55B05B00A9D40D;
			remoteInfo = "Oxford Picture Dictionary";
		};
		5D1296EC2C55B05E00A9D40D /* PBXContainerItemProxy */ = {
			isa = PBXContainerItemProxy;
			containerPortal = 5D1296C72C55B05B00A9D40D /* Project object */;
			proxyType = 1;
			remoteGlobalIDString = 5D1296CE2C55B05B00A9D40D;
			remoteInfo = "Oxford Picture Dictionary";
		};
/* End PBXContainerItemProxy section */

/* Begin PBXFileReference section */
		5D1296CF2C55B05B00A9D40D /* Oxford Picture Dictionary.app */ = {isa = PBXFileReference; explicitFileType = wrapper.application; includeInIndex = 0; path = "Oxford Picture Dictionary.app"; sourceTree = BUILT_PRODUCTS_DIR; };
		5D1296D22C55B05B00A9D40D /* Oxford_Picture_DictionaryApp.swift */ = {isa = PBXFileReference; lastKnownFileType = sourcecode.swift; path = Oxford_Picture_DictionaryApp.swift; sourceTree = "<group>"; };
		5D1296D42C55B05B00A9D40D /* ContentView.swift */ = {isa = PBXFileReference; lastKnownFileType = sourcecode.swift; path = ContentView.swift; sourceTree = "<group>"; };
		5D1296D82C55B05D00A9D40D /* Assets.xcassets */ = {isa = PBXFileReference; lastKnownFileType = folder.assetcatalog; path = Assets.xcassets; sourceTree = "<group>"; };
		5D1296DB2C55B05D00A9D40D /* Preview Assets.xcassets */ = {isa = PBXFileReference; lastKnownFileType = folder.assetcatalog; path = "Preview Assets.xcassets"; sourceTree = "<group>"; };
		5D1296E12C55B05E00A9D40D /* Oxford Picture DictionaryTests.xctest */ = {isa = PBXFileReference; explicitFileType = wrapper.cfbundle; includeInIndex = 0; path = "Oxford Picture DictionaryTests.xctest"; sourceTree = BUILT_PRODUCTS_DIR; };
		5D1296E52C55B05E00A9D40D /* Oxford_Picture_DictionaryTests.swift */ = {isa = PBXFileReference; lastKnownFileType = sourcecode.swift; path = Oxford_Picture_DictionaryTests.swift; sourceTree = "<group>"; };
		5D1296EB2C55B05E00A9D40D /* Oxford Picture DictionaryUITests.xctest */ = {isa = PBXFileReference; explicitFileType = wrapper.cfbundle; includeInIndex = 0; path = "Oxford Picture DictionaryUITests.xctest"; sourceTree = BUILT_PRODUCTS_DIR; };
		5D1296EF2C55B05E00A9D40D /* Oxford_Picture_DictionaryUITests.swift */ = {isa = PBXFileReference; lastKnownFileType = sourcecode.swift; path = Oxford_Picture_DictionaryUITests.swift; sourceTree = "<group>"; };
		5D1296F12C55B05E00A9D40D /* Oxford_Picture_DictionaryUITestsLaunchTests.swift */ = {isa = PBXFileReference; lastKnownFileType = sourcecode.swift; path = Oxford_Picture_DictionaryUITestsLaunchTests.swift; sourceTree = "<group>"; };
		5D1296FE2C55B2F700A9D40D /* Bubble.swift */ = {isa = PBXFileReference; lastKnownFileType = sourcecode.swift; path = Bubble.swift; sourceTree = "<group>"; };
		5D1297002C55B39700A9D40D /* BubbleImageView.swift */ = {isa = PBXFileReference; lastKnownFileType = sourcecode.swift; path = BubbleImageView.swift; sourceTree = "<group>"; };
		5D1297042C55BCC400A9D40D /* DragBubbleImageView.swift */ = {isa = PBXFileReference; lastKnownFileType = sourcecode.swift; path = DragBubbleImageView.swift; sourceTree = "<group>"; };
		5D37DDBF2C64699C0099C54E /* LangButton.swift */ = {isa = PBXFileReference; lastKnownFileType = sourcecode.swift; path = LangButton.swift; sourceTree = "<group>"; };
		5D37DDC12C6469A90099C54E /* LangView.swift */ = {isa = PBXFileReference; lastKnownFileType = sourcecode.swift; path = LangView.swift; sourceTree = "<group>"; };
		5D37DDC32C646A1E0099C54E /* LangManager.swift */ = {isa = PBXFileReference; lastKnownFileType = sourcecode.swift; path = LangManager.swift; sourceTree = "<group>"; };
		5D37DDC52C646A520099C54E /* Lang.swift */ = {isa = PBXFileReference; lastKnownFileType = sourcecode.swift; path = Lang.swift; sourceTree = "<group>"; };
		5D37DDCB2C6476710099C54E /* LangFileLoader.swift */ = {isa = PBXFileReference; lastKnownFileType = sourcecode.swift; path = LangFileLoader.swift; sourceTree = "<group>"; };
		5D37DDCD2C647E040099C54E /* p85-en.csv */ = {isa = PBXFileReference; fileEncoding = 4; lastKnownFileType = text; path = "p85-en.csv"; sourceTree = "<group>"; };
		5D37DDCE2C647E040099C54E /* p17-en.csv */ = {isa = PBXFileReference; fileEncoding = 4; lastKnownFileType = text; path = "p17-en.csv"; sourceTree = "<group>"; };
		5D37DDCF2C647E040099C54E /* p75-en.csv */ = {isa = PBXFileReference; fileEncoding = 4; lastKnownFileType = text; path = "p75-en.csv"; sourceTree = "<group>"; };
		5D37DDD02C647E040099C54E /* p31-en.csv */ = {isa = PBXFileReference; fileEncoding = 4; lastKnownFileType = text; path = "p31-en.csv"; sourceTree = "<group>"; };
		5D37DDD12C647E040099C54E /* p30-en.csv */ = {isa = PBXFileReference; fileEncoding = 4; lastKnownFileType = text; path = "p30-en.csv"; sourceTree = "<group>"; };
		5D37DDD22C647E040099C54E /* p101-en.csv */ = {isa = PBXFileReference; fileEncoding = 4; lastKnownFileType = text; path = "p101-en.csv"; sourceTree = "<group>"; };
		5D37DDD32C647E040099C54E /* p59-en.csv */ = {isa = PBXFileReference; fileEncoding = 4; lastKnownFileType = text; path = "p59-en.csv"; sourceTree = "<group>"; };
		5D37DDD42C647E040099C54E /* p70-en.csv */ = {isa = PBXFileReference; fileEncoding = 4; lastKnownFileType = text; path = "p70-en.csv"; sourceTree = "<group>"; };
		5D37DDD52C647E040099C54E /* p79-en.csv */ = {isa = PBXFileReference; fileEncoding = 4; lastKnownFileType = text; path = "p79-en.csv"; sourceTree = "<group>"; };
		5D37DDD62C647E040099C54E /* p50-en.csv */ = {isa = PBXFileReference; fileEncoding = 4; lastKnownFileType = text; path = "p50-en.csv"; sourceTree = "<group>"; };
		5D37DDD72C647E040099C54E /* p74-en.csv */ = {isa = PBXFileReference; fileEncoding = 4; lastKnownFileType = text; path = "p74-en.csv"; sourceTree = "<group>"; };
		5D37DDD82C647E040099C54E /* p67-en.csv */ = {isa = PBXFileReference; fileEncoding = 4; lastKnownFileType = text; path = "p67-en.csv"; sourceTree = "<group>"; };
		5D37DDD92C647E050099C54E /* p40-en.csv */ = {isa = PBXFileReference; fileEncoding = 4; lastKnownFileType = text; path = "p40-en.csv"; sourceTree = "<group>"; };
		5D37DDDA2C647E050099C54E /* p94-en.csv */ = {isa = PBXFileReference; fileEncoding = 4; lastKnownFileType = text; path = "p94-en.csv"; sourceTree = "<group>"; };
		5D37DDDB2C647E050099C54E /* p26-en.csv */ = {isa = PBXFileReference; fileEncoding = 4; lastKnownFileType = text; path = "p26-en.csv"; sourceTree = "<group>"; };
		5D37DDDC2C647E050099C54E /* p68-en.csv */ = {isa = PBXFileReference; fileEncoding = 4; lastKnownFileType = text; path = "p68-en.csv"; sourceTree = "<group>"; };
		5D37DDDD2C647E050099C54E /* p51-en.csv */ = {isa = PBXFileReference; fileEncoding = 4; lastKnownFileType = text; path = "p51-en.csv"; sourceTree = "<group>"; };
		5D37DDDE2C647E050099C54E /* p24-en.csv */ = {isa = PBXFileReference; fileEncoding = 4; lastKnownFileType = text; path = "p24-en.csv"; sourceTree = "<group>"; };
		5D37DDDF2C647E050099C54E /* p95-en.csv */ = {isa = PBXFileReference; fileEncoding = 4; lastKnownFileType = text; path = "p95-en.csv"; sourceTree = "<group>"; };
		5D37DDE02C647E050099C54E /* p60-en.csv */ = {isa = PBXFileReference; fileEncoding = 4; lastKnownFileType = text; path = "p60-en.csv"; sourceTree = "<group>"; };
		5D37DDE12C647E050099C54E /* p71-en.csv */ = {isa = PBXFileReference; fileEncoding = 4; lastKnownFileType = text; path = "p71-en.csv"; sourceTree = "<group>"; };
		5D37DDE22C647E050099C54E /* p83-en.csv */ = {isa = PBXFileReference; fileEncoding = 4; lastKnownFileType = text; path = "p83-en.csv"; sourceTree = "<group>"; };
		5D37DDE32C647E050099C54E /* p18-en.csv */ = {isa = PBXFileReference; fileEncoding = 4; lastKnownFileType = text; path = "p18-en.csv"; sourceTree = "<group>"; };
		5D37DDE42C647E050099C54E /* p14-en.csv */ = {isa = PBXFileReference; fileEncoding = 4; lastKnownFileType = text; path = "p14-en.csv"; sourceTree = "<group>"; };
		5D37DDE52C647E050099C54E /* p32-en.csv */ = {isa = PBXFileReference; fileEncoding = 4; lastKnownFileType = text; path = "p32-en.csv"; sourceTree = "<group>"; };
		5D37DDE62C647E050099C54E /* p100-en.csv */ = {isa = PBXFileReference; fileEncoding = 4; lastKnownFileType = text; path = "p100-en.csv"; sourceTree = "<group>"; };
		5D37DDE72C647E050099C54E /* p97-en.csv */ = {isa = PBXFileReference; fileEncoding = 4; lastKnownFileType = text; path = "p97-en.csv"; sourceTree = "<group>"; };
		5D37DDE82C647E050099C54E /* p63-en.csv */ = {isa = PBXFileReference; fileEncoding = 4; lastKnownFileType = text; path = "p63-en.csv"; sourceTree = "<group>"; };
		5D37DDE92C647E050099C54E /* p25-en.csv */ = {isa = PBXFileReference; fileEncoding = 4; lastKnownFileType = text; path = "p25-en.csv"; sourceTree = "<group>"; };
		5D37DDEA2C647E050099C54E /* p54-en.csv */ = {isa = PBXFileReference; fileEncoding = 4; lastKnownFileType = text; path = "p54-en.csv"; sourceTree = "<group>"; };
		5D37DDEB2C647E050099C54E /* p76-en.csv */ = {isa = PBXFileReference; fileEncoding = 4; lastKnownFileType = text; path = "p76-en.csv"; sourceTree = "<group>"; };
		5D37DDEC2C647E050099C54E /* p69-en.csv */ = {isa = PBXFileReference; fileEncoding = 4; lastKnownFileType = text; path = "p69-en.csv"; sourceTree = "<group>"; };
		5D37DDED2C647E050099C54E /* p38-en.csv */ = {isa = PBXFileReference; fileEncoding = 4; lastKnownFileType = text; path = "p38-en.csv"; sourceTree = "<group>"; };
		5D37DDEE2C647E050099C54E /* p102-en.csv */ = {isa = PBXFileReference; fileEncoding = 4; lastKnownFileType = text; path = "p102-en.csv"; sourceTree = "<group>"; };
		5D37DDEF2C647E060099C54E /* p86-en.csv */ = {isa = PBXFileReference; fileEncoding = 4; lastKnownFileType = text; path = "p86-en.csv"; sourceTree = "<group>"; };
		5D37DDF02C647E060099C54E /* p46-en.csv */ = {isa = PBXFileReference; fileEncoding = 4; lastKnownFileType = text; path = "p46-en.csv"; sourceTree = "<group>"; };
		5D37DDF12C647E060099C54E /* p7-en.csv */ = {isa = PBXFileReference; fileEncoding = 4; lastKnownFileType = text; path = "p7-en.csv"; sourceTree = "<group>"; };
		5D37DDF22C647E060099C54E /* p21-en.csv */ = {isa = PBXFileReference; fileEncoding = 4; lastKnownFileType = text; path = "p21-en.csv"; sourceTree = "<group>"; };
		5D37DDF32C647E060099C54E /* p28-en.csv */ = {isa = PBXFileReference; fileEncoding = 4; lastKnownFileType = text; path = "p28-en.csv"; sourceTree = "<group>"; };
		5D37DDF42C647E060099C54E /* p91-en.csv */ = {isa = PBXFileReference; fileEncoding = 4; lastKnownFileType = text; path = "p91-en.csv"; sourceTree = "<group>"; };
		5D37DDF52C647E060099C54E /* p96-en.csv */ = {isa = PBXFileReference; fileEncoding = 4; lastKnownFileType = text; path = "p96-en.csv"; sourceTree = "<group>"; };
		5D37DDF62C647E060099C54E /* p73-en.csv */ = {isa = PBXFileReference; fileEncoding = 4; lastKnownFileType = text; path = "p73-en.csv"; sourceTree = "<group>"; };
		5D37DDF72C647E060099C54E /* p15-en.csv */ = {isa = PBXFileReference; fileEncoding = 4; lastKnownFileType = text; path = "p15-en.csv"; sourceTree = "<group>"; };
		5D37DDF82C647E060099C54E /* p5-en.csv */ = {isa = PBXFileReference; fileEncoding = 4; lastKnownFileType = text; path = "p5-en.csv"; sourceTree = "<group>"; };
		5D37DDF92C647E060099C54E /* p52-en.csv */ = {isa = PBXFileReference; fileEncoding = 4; lastKnownFileType = text; path = "p52-en.csv"; sourceTree = "<group>"; };
		5D37DDFA2C647E060099C54E /* p2-en.csv */ = {isa = PBXFileReference; fileEncoding = 4; lastKnownFileType = text; path = "p2-en.csv"; sourceTree = "<group>"; };
		5D37DDFB2C647E060099C54E /* p35-en.csv */ = {isa = PBXFileReference; fileEncoding = 4; lastKnownFileType = text; path = "p35-en.csv"; sourceTree = "<group>"; };
		5D37DDFC2C647E060099C54E /* p20-en.csv */ = {isa = PBXFileReference; fileEncoding = 4; lastKnownFileType = text; path = "p20-en.csv"; sourceTree = "<group>"; };
		5D37DDFD2C647E060099C54E /* p58-en.csv */ = {isa = PBXFileReference; fileEncoding = 4; lastKnownFileType = text; path = "p58-en.csv"; sourceTree = "<group>"; };
		5D37DDFE2C647E060099C54E /* p61-en.csv */ = {isa = PBXFileReference; fileEncoding = 4; lastKnownFileType = text; path = "p61-en.csv"; sourceTree = "<group>"; };
		5D37DDFF2C647E060099C54E /* p65-en.csv */ = {isa = PBXFileReference; fileEncoding = 4; lastKnownFileType = text; path = "p65-en.csv"; sourceTree = "<group>"; };
		5D37DE002C647E060099C54E /* p9-en.csv */ = {isa = PBXFileReference; fileEncoding = 4; lastKnownFileType = text; path = "p9-en.csv"; sourceTree = "<group>"; };
		5D37DE012C647E060099C54E /* p88-en.csv */ = {isa = PBXFileReference; fileEncoding = 4; lastKnownFileType = text; path = "p88-en.csv"; sourceTree = "<group>"; };
		5D37DE022C647E060099C54E /* p3-en.csv */ = {isa = PBXFileReference; fileEncoding = 4; lastKnownFileType = text; path = "p3-en.csv"; sourceTree = "<group>"; };
		5D37DE032C647E060099C54E /* p80-en.csv */ = {isa = PBXFileReference; fileEncoding = 4; lastKnownFileType = text; path = "p80-en.csv"; sourceTree = "<group>"; };
		5D37DE042C647E060099C54E /* p33-en.csv */ = {isa = PBXFileReference; fileEncoding = 4; lastKnownFileType = text; path = "p33-en.csv"; sourceTree = "<group>"; };
		5D37DE052C647E060099C54E /* p92-en.csv */ = {isa = PBXFileReference; fileEncoding = 4; lastKnownFileType = text; path = "p92-en.csv"; sourceTree = "<group>"; };
		5D37DE062C647E070099C54E /* p43-en.csv */ = {isa = PBXFileReference; fileEncoding = 4; lastKnownFileType = text; path = "p43-en.csv"; sourceTree = "<group>"; };
		5D37DE072C647E070099C54E /* p12-en.csv */ = {isa = PBXFileReference; fileEncoding = 4; lastKnownFileType = text; path = "p12-en.csv"; sourceTree = "<group>"; };
		5D37DE082C647E070099C54E /* p41-en.csv */ = {isa = PBXFileReference; fileEncoding = 4; lastKnownFileType = text; path = "p41-en.csv"; sourceTree = "<group>"; };
		5D37DE092C647E070099C54E /* p45-en.csv */ = {isa = PBXFileReference; fileEncoding = 4; lastKnownFileType = text; path = "p45-en.csv"; sourceTree = "<group>"; };
		5D37DE0A2C647E070099C54E /* p8-en.csv */ = {isa = PBXFileReference; fileEncoding = 4; lastKnownFileType = text; path = "p8-en.csv"; sourceTree = "<group>"; };
		5D37DE0B2C647E070099C54E /* p64-en.csv */ = {isa = PBXFileReference; fileEncoding = 4; lastKnownFileType = text; path = "p64-en.csv"; sourceTree = "<group>"; };
		5D37DE0C2C647E070099C54E /* p93-en.csv */ = {isa = PBXFileReference; fileEncoding = 4; lastKnownFileType = text; path = "p93-en.csv"; sourceTree = "<group>"; };
		5D37DE0D2C647E070099C54E /* p47-en.csv */ = {isa = PBXFileReference; fileEncoding = 4; lastKnownFileType = text; path = "p47-en.csv"; sourceTree = "<group>"; };
		5D37DE0E2C647E070099C54E /* p62-en.csv */ = {isa = PBXFileReference; fileEncoding = 4; lastKnownFileType = text; path = "p62-en.csv"; sourceTree = "<group>"; };
		5D37DE0F2C647E070099C54E /* p48-en.csv */ = {isa = PBXFileReference; fileEncoding = 4; lastKnownFileType = text; path = "p48-en.csv"; sourceTree = "<group>"; };
		5D37DE102C647E070099C54E /* p98-en.csv */ = {isa = PBXFileReference; fileEncoding = 4; lastKnownFileType = text; path = "p98-en.csv"; sourceTree = "<group>"; };
		5D37DE112C647E070099C54E /* p36-en.csv */ = {isa = PBXFileReference; fileEncoding = 4; lastKnownFileType = text; path = "p36-en.csv"; sourceTree = "<group>"; };
		5D37DE122C647E070099C54E /* p72-en.csv */ = {isa = PBXFileReference; fileEncoding = 4; lastKnownFileType = text; path = "p72-en.csv"; sourceTree = "<group>"; };
		5D37DE132C647E070099C54E /* p53-en.csv */ = {isa = PBXFileReference; fileEncoding = 4; lastKnownFileType = text; path = "p53-en.csv"; sourceTree = "<group>"; };
		5D37DE142C647E070099C54E /* p34-en.csv */ = {isa = PBXFileReference; fileEncoding = 4; lastKnownFileType = text; path = "p34-en.csv"; sourceTree = "<group>"; };
		5D37DE152C647E070099C54E /* p84-en.csv */ = {isa = PBXFileReference; fileEncoding = 4; lastKnownFileType = text; path = "p84-en.csv"; sourceTree = "<group>"; };
		5D37DE162C647E070099C54E /* p55-en.csv */ = {isa = PBXFileReference; fileEncoding = 4; lastKnownFileType = text; path = "p55-en.csv"; sourceTree = "<group>"; };
		5D37DE172C647E070099C54E /* p16-en.csv */ = {isa = PBXFileReference; fileEncoding = 4; lastKnownFileType = text; path = "p16-en.csv"; sourceTree = "<group>"; };
		5D37DE182C647E070099C54E /* p27-en.csv */ = {isa = PBXFileReference; fileEncoding = 4; lastKnownFileType = text; path = "p27-en.csv"; sourceTree = "<group>"; };
		5D37DE192C647E070099C54E /* p29-en.csv */ = {isa = PBXFileReference; fileEncoding = 4; lastKnownFileType = text; path = "p29-en.csv"; sourceTree = "<group>"; };
		5D37DE1A2C647E070099C54E /* p42-en.csv */ = {isa = PBXFileReference; fileEncoding = 4; lastKnownFileType = text; path = "p42-en.csv"; sourceTree = "<group>"; };
		5D37DE1B2C647E070099C54E /* p44-en.csv */ = {isa = PBXFileReference; fileEncoding = 4; lastKnownFileType = text; path = "p44-en.csv"; sourceTree = "<group>"; };
		5D37DE1C2C647E070099C54E /* p81-en.csv */ = {isa = PBXFileReference; fileEncoding = 4; lastKnownFileType = text; path = "p81-en.csv"; sourceTree = "<group>"; };
		5D37DE1D2C647E080099C54E /* p10-en.csv */ = {isa = PBXFileReference; fileEncoding = 4; lastKnownFileType = text; path = "p10-en.csv"; sourceTree = "<group>"; };
		5D37DE1E2C647E080099C54E /* p99-en.csv */ = {isa = PBXFileReference; fileEncoding = 4; lastKnownFileType = text; path = "p99-en.csv"; sourceTree = "<group>"; };
		5D37DE1F2C647E080099C54E /* p6-en.csv */ = {isa = PBXFileReference; fileEncoding = 4; lastKnownFileType = text; path = "p6-en.csv"; sourceTree = "<group>"; };
		5D37DE202C647E080099C54E /* p87-en.csv */ = {isa = PBXFileReference; fileEncoding = 4; lastKnownFileType = text; path = "p87-en.csv"; sourceTree = "<group>"; };
		5D37DE212C647E080099C54E /* p77-en.csv */ = {isa = PBXFileReference; fileEncoding = 4; lastKnownFileType = text; path = "p77-en.csv"; sourceTree = "<group>"; };
		5D37DE222C647E080099C54E /* p82-en.csv */ = {isa = PBXFileReference; fileEncoding = 4; lastKnownFileType = text; path = "p82-en.csv"; sourceTree = "<group>"; };
		5D37DE232C647E080099C54E /* p57-en.csv */ = {isa = PBXFileReference; fileEncoding = 4; lastKnownFileType = text; path = "p57-en.csv"; sourceTree = "<group>"; };
		5D37DE242C647E080099C54E /* p56-en.csv */ = {isa = PBXFileReference; fileEncoding = 4; lastKnownFileType = text; path = "p56-en.csv"; sourceTree = "<group>"; };
		5D37DE252C647E080099C54E /* p13-en.csv */ = {isa = PBXFileReference; fileEncoding = 4; lastKnownFileType = text; path = "p13-en.csv"; sourceTree = "<group>"; };
		5D37DE262C647E080099C54E /* p90-en.csv */ = {isa = PBXFileReference; fileEncoding = 4; lastKnownFileType = text; path = "p90-en.csv"; sourceTree = "<group>"; };
		5D37DE272C647E080099C54E /* p89-en.csv */ = {isa = PBXFileReference; fileEncoding = 4; lastKnownFileType = text; path = "p89-en.csv"; sourceTree = "<group>"; };
		5D37DE282C647E080099C54E /* p39-en.csv */ = {isa = PBXFileReference; fileEncoding = 4; lastKnownFileType = text; path = "p39-en.csv"; sourceTree = "<group>"; };
		5D37DE292C647E080099C54E /* p4-en.csv */ = {isa = PBXFileReference; fileEncoding = 4; lastKnownFileType = text; path = "p4-en.csv"; sourceTree = "<group>"; };
		5D37DE2A2C647E080099C54E /* p22-en.csv */ = {isa = PBXFileReference; fileEncoding = 4; lastKnownFileType = text; path = "p22-en.csv"; sourceTree = "<group>"; };
		5D37DE2B2C647E080099C54E /* p49-en.csv */ = {isa = PBXFileReference; fileEncoding = 4; lastKnownFileType = text; path = "p49-en.csv"; sourceTree = "<group>"; };
		5D37DE2C2C647E080099C54E /* p37-en.csv */ = {isa = PBXFileReference; fileEncoding = 4; lastKnownFileType = text; path = "p37-en.csv"; sourceTree = "<group>"; };
		5D37DE2D2C647E080099C54E /* p11-en.csv */ = {isa = PBXFileReference; fileEncoding = 4; lastKnownFileType = text; path = "p11-en.csv"; sourceTree = "<group>"; };
		5D37DE2E2C647E080099C54E /* p66-en.csv */ = {isa = PBXFileReference; fileEncoding = 4; lastKnownFileType = text; path = "p66-en.csv"; sourceTree = "<group>"; };
		5D37DE2F2C647E080099C54E /* p19-en.csv */ = {isa = PBXFileReference; fileEncoding = 4; lastKnownFileType = text; path = "p19-en.csv"; sourceTree = "<group>"; };
		5D37DE302C647E080099C54E /* p78-en.csv */ = {isa = PBXFileReference; fileEncoding = 4; lastKnownFileType = text; path = "p78-en.csv"; sourceTree = "<group>"; };
		5D37DE312C647E080099C54E /* p23-en.csv */ = {isa = PBXFileReference; fileEncoding = 4; lastKnownFileType = text; path = "p23-en.csv"; sourceTree = "<group>"; };
		5D37DE322C647E080099C54E /* p103-en.csv */ = {isa = PBXFileReference; fileEncoding = 4; lastKnownFileType = text; path = "p103-en.csv"; sourceTree = "<group>"; };
		5DAF8EBA2C62ADA200B41F0A /* Constants.swift */ = {isa = PBXFileReference; lastKnownFileType = sourcecode.swift; path = Constants.swift; sourceTree = "<group>"; };
		5DAF8EBC2C62ADB000B41F0A /* UserDefaultsUtils.swift */ = {isa = PBXFileReference; lastKnownFileType = sourcecode.swift; path = UserDefaultsUtils.swift; sourceTree = "<group>"; };
		5DAF8EBF2C62ADE200B41F0A /* Color.swift */ = {isa = PBXFileReference; lastKnownFileType = sourcecode.swift; path = Color.swift; sourceTree = "<group>"; };
		5DAF8EC12C630CFC00B41F0A /* Oxford-Picture-Dictionary-Info.plist */ = {isa = PBXFileReference; lastKnownFileType = text.plist; path = "Oxford-Picture-Dictionary-Info.plist"; sourceTree = SOURCE_ROOT; };
		5DAF8EC42C63173B00B41F0A /* LaunchScreen.storyboard */ = {isa = PBXFileReference; lastKnownFileType = file.storyboard; path = LaunchScreen.storyboard; sourceTree = "<group>"; };
		5DB2E3E62C581B9B00E03552 /* SpeechManager.swift */ = {isa = PBXFileReference; lastKnownFileType = sourcecode.swift; path = SpeechManager.swift; sourceTree = "<group>"; };
		5DB2E3E82C58242200E03552 /* SpeechAdjustView.swift */ = {isa = PBXFileReference; lastKnownFileType = sourcecode.swift; path = SpeechAdjustView.swift; sourceTree = "<group>"; };
		5DB2E3EB2C58477700E03552 /* FloatSlider.swift */ = {isa = PBXFileReference; lastKnownFileType = sourcecode.swift; path = FloatSlider.swift; sourceTree = "<group>"; };
		5DB2E3EF2C58552600E03552 /* PercentObservableObject.swift */ = {isa = PBXFileReference; lastKnownFileType = sourcecode.swift; path = PercentObservableObject.swift; sourceTree = "<group>"; };
/* End PBXFileReference section */

/* Begin PBXFrameworksBuildPhase section */
		5D1296CC2C55B05B00A9D40D /* Frameworks */ = {
			isa = PBXFrameworksBuildPhase;
			buildActionMask = 2147483647;
			files = (
			);
			runOnlyForDeploymentPostprocessing = 0;
		};
		5D1296DE2C55B05E00A9D40D /* Frameworks */ = {
			isa = PBXFrameworksBuildPhase;
			buildActionMask = 2147483647;
			files = (
			);
			runOnlyForDeploymentPostprocessing = 0;
		};
		5D1296E82C55B05E00A9D40D /* Frameworks */ = {
			isa = PBXFrameworksBuildPhase;
			buildActionMask = 2147483647;
			files = (
			);
			runOnlyForDeploymentPostprocessing = 0;
		};
/* End PBXFrameworksBuildPhase section */

/* Begin PBXGroup section */
		5D1296C62C55B05B00A9D40D = {
			isa = PBXGroup;
			children = (
				5D1296D12C55B05B00A9D40D /* Oxford Picture Dictionary */,
				5D1296E42C55B05E00A9D40D /* Oxford Picture DictionaryTests */,
				5D1296EE2C55B05E00A9D40D /* Oxford Picture DictionaryUITests */,
				5D1296D02C55B05B00A9D40D /* Products */,
			);
			sourceTree = "<group>";
		};
		5D1296D02C55B05B00A9D40D /* Products */ = {
			isa = PBXGroup;
			children = (
				5D1296CF2C55B05B00A9D40D /* Oxford Picture Dictionary.app */,
				5D1296E12C55B05E00A9D40D /* Oxford Picture DictionaryTests.xctest */,
				5D1296EB2C55B05E00A9D40D /* Oxford Picture DictionaryUITests.xctest */,
			);
			name = Products;
			sourceTree = "<group>";
		};
		5D1296D12C55B05B00A9D40D /* Oxford Picture Dictionary */ = {
			isa = PBXGroup;
			children = (
				5DAF8EC12C630CFC00B41F0A /* Oxford-Picture-Dictionary-Info.plist */,
				5D1296D82C55B05D00A9D40D /* Assets.xcassets */,
				5D1296D22C55B05B00A9D40D /* Oxford_Picture_DictionaryApp.swift */,
				5D1296D42C55B05B00A9D40D /* ContentView.swift */,
				5D1296FE2C55B2F700A9D40D /* Bubble.swift */,
				5D1297002C55B39700A9D40D /* BubbleImageView.swift */,
				5D1297042C55BCC400A9D40D /* DragBubbleImageView.swift */,
				5DB2E3E62C581B9B00E03552 /* SpeechManager.swift */,
				5DB2E3EF2C58552600E03552 /* PercentObservableObject.swift */,
				5DB2E3E82C58242200E03552 /* SpeechAdjustView.swift */,
				5D37DDC72C646AB90099C54E /* enum */,
				5DB2E3EA2C58475300E03552 /* components */,
				5DAF8EBE2C62ADD100B41F0A /* extensions */,
				5DAF8EB92C62AD9000B41F0A /* utils */,
				5D1296DA2C55B05D00A9D40D /* Preview Content */,
				5D37DDCA2C6474DF0099C54E /* Language */,
				5D1297062C55C32600A9D40D /* Words */,
				5DAF8EC42C63173B00B41F0A /* LaunchScreen.storyboard */,
			);
			path = "Oxford Picture Dictionary";
			sourceTree = "<group>";
		};
		5D1296DA2C55B05D00A9D40D /* Preview Content */ = {
			isa = PBXGroup;
			children = (
				5D1296DB2C55B05D00A9D40D /* Preview Assets.xcassets */,
			);
			path = "Preview Content";
			sourceTree = "<group>";
		};
		5D1296E42C55B05E00A9D40D /* Oxford Picture DictionaryTests */ = {
			isa = PBXGroup;
			children = (
				5D1296E52C55B05E00A9D40D /* Oxford_Picture_DictionaryTests.swift */,
			);
			path = "Oxford Picture DictionaryTests";
			sourceTree = "<group>";
		};
		5D1296EE2C55B05E00A9D40D /* Oxford Picture DictionaryUITests */ = {
			isa = PBXGroup;
			children = (
				5D1296EF2C55B05E00A9D40D /* Oxford_Picture_DictionaryUITests.swift */,
				5D1296F12C55B05E00A9D40D /* Oxford_Picture_DictionaryUITestsLaunchTests.swift */,
			);
			path = "Oxford Picture DictionaryUITests";
			sourceTree = "<group>";
		};
		5D1297062C55C32600A9D40D /* Words */ = {
			isa = PBXGroup;
			children = (
				5D37DDFA2C647E060099C54E /* p2-en.csv */,
				5D37DE022C647E060099C54E /* p3-en.csv */,
				5D37DE292C647E080099C54E /* p4-en.csv */,
				5D37DDF82C647E060099C54E /* p5-en.csv */,
				5D37DE1F2C647E080099C54E /* p6-en.csv */,
				5D37DDF12C647E060099C54E /* p7-en.csv */,
				5D37DE0A2C647E070099C54E /* p8-en.csv */,
				5D37DE002C647E060099C54E /* p9-en.csv */,
				5D37DE1D2C647E080099C54E /* p10-en.csv */,
				5D37DE2D2C647E080099C54E /* p11-en.csv */,
				5D37DE072C647E070099C54E /* p12-en.csv */,
				5D37DE252C647E080099C54E /* p13-en.csv */,
				5D37DDE42C647E050099C54E /* p14-en.csv */,
				5D37DDF72C647E060099C54E /* p15-en.csv */,
				5D37DE172C647E070099C54E /* p16-en.csv */,
				5D37DDCE2C647E040099C54E /* p17-en.csv */,
				5D37DDE32C647E050099C54E /* p18-en.csv */,
				5D37DE2F2C647E080099C54E /* p19-en.csv */,
				5D37DDFC2C647E060099C54E /* p20-en.csv */,
				5D37DDF22C647E060099C54E /* p21-en.csv */,
				5D37DE2A2C647E080099C54E /* p22-en.csv */,
				5D37DE312C647E080099C54E /* p23-en.csv */,
				5D37DDDE2C647E050099C54E /* p24-en.csv */,
				5D37DDE92C647E050099C54E /* p25-en.csv */,
				5D37DDDB2C647E050099C54E /* p26-en.csv */,
				5D37DE182C647E070099C54E /* p27-en.csv */,
				5D37DDF32C647E060099C54E /* p28-en.csv */,
				5D37DE192C647E070099C54E /* p29-en.csv */,
				5D37DDD12C647E040099C54E /* p30-en.csv */,
				5D37DDD02C647E040099C54E /* p31-en.csv */,
				5D37DDE52C647E050099C54E /* p32-en.csv */,
				5D37DE042C647E060099C54E /* p33-en.csv */,
				5D37DE142C647E070099C54E /* p34-en.csv */,
				5D37DDFB2C647E060099C54E /* p35-en.csv */,
				5D37DE112C647E070099C54E /* p36-en.csv */,
				5D37DE2C2C647E080099C54E /* p37-en.csv */,
				5D37DDED2C647E050099C54E /* p38-en.csv */,
				5D37DE282C647E080099C54E /* p39-en.csv */,
				5D37DDD92C647E050099C54E /* p40-en.csv */,
				5D37DE082C647E070099C54E /* p41-en.csv */,
				5D37DE1A2C647E070099C54E /* p42-en.csv */,
				5D37DE062C647E070099C54E /* p43-en.csv */,
				5D37DE1B2C647E070099C54E /* p44-en.csv */,
				5D37DE092C647E070099C54E /* p45-en.csv */,
				5D37DDF02C647E060099C54E /* p46-en.csv */,
				5D37DE0D2C647E070099C54E /* p47-en.csv */,
				5D37DE0F2C647E070099C54E /* p48-en.csv */,
				5D37DE2B2C647E080099C54E /* p49-en.csv */,
				5D37DDD62C647E040099C54E /* p50-en.csv */,
				5D37DDDD2C647E050099C54E /* p51-en.csv */,
				5D37DDF92C647E060099C54E /* p52-en.csv */,
				5D37DE132C647E070099C54E /* p53-en.csv */,
				5D37DDEA2C647E050099C54E /* p54-en.csv */,
				5D37DE162C647E070099C54E /* p55-en.csv */,
				5D37DE242C647E080099C54E /* p56-en.csv */,
				5D37DE232C647E080099C54E /* p57-en.csv */,
				5D37DDFD2C647E060099C54E /* p58-en.csv */,
				5D37DDD32C647E040099C54E /* p59-en.csv */,
				5D37DDE02C647E050099C54E /* p60-en.csv */,
				5D37DDFE2C647E060099C54E /* p61-en.csv */,
				5D37DE0E2C647E070099C54E /* p62-en.csv */,
				5D37DDE82C647E050099C54E /* p63-en.csv */,
				5D37DE0B2C647E070099C54E /* p64-en.csv */,
				5D37DDFF2C647E060099C54E /* p65-en.csv */,
				5D37DE2E2C647E080099C54E /* p66-en.csv */,
				5D37DDD82C647E040099C54E /* p67-en.csv */,
				5D37DDDC2C647E050099C54E /* p68-en.csv */,
				5D37DDEC2C647E050099C54E /* p69-en.csv */,
				5D37DDD42C647E040099C54E /* p70-en.csv */,
				5D37DDE12C647E050099C54E /* p71-en.csv */,
				5D37DE122C647E070099C54E /* p72-en.csv */,
				5D37DDF62C647E060099C54E /* p73-en.csv */,
				5D37DDD72C647E040099C54E /* p74-en.csv */,
				5D37DDCF2C647E040099C54E /* p75-en.csv */,
				5D37DDEB2C647E050099C54E /* p76-en.csv */,
				5D37DE212C647E080099C54E /* p77-en.csv */,
				5D37DE302C647E080099C54E /* p78-en.csv */,
				5D37DDD52C647E040099C54E /* p79-en.csv */,
				5D37DE032C647E060099C54E /* p80-en.csv */,
				5D37DE1C2C647E070099C54E /* p81-en.csv */,
				5D37DE222C647E080099C54E /* p82-en.csv */,
				5D37DDE22C647E050099C54E /* p83-en.csv */,
				5D37DE152C647E070099C54E /* p84-en.csv */,
				5D37DDCD2C647E040099C54E /* p85-en.csv */,
				5D37DDEF2C647E060099C54E /* p86-en.csv */,
				5D37DE202C647E080099C54E /* p87-en.csv */,
				5D37DE012C647E060099C54E /* p88-en.csv */,
				5D37DE272C647E080099C54E /* p89-en.csv */,
				5D37DE262C647E080099C54E /* p90-en.csv */,
				5D37DDF42C647E060099C54E /* p91-en.csv */,
				5D37DE052C647E060099C54E /* p92-en.csv */,
				5D37DE0C2C647E070099C54E /* p93-en.csv */,
				5D37DDDA2C647E050099C54E /* p94-en.csv */,
				5D37DDDF2C647E050099C54E /* p95-en.csv */,
				5D37DDF52C647E060099C54E /* p96-en.csv */,
				5D37DDE72C647E050099C54E /* p97-en.csv */,
				5D37DE102C647E070099C54E /* p98-en.csv */,
				5D37DE1E2C647E080099C54E /* p99-en.csv */,
				5D37DDE62C647E050099C54E /* p100-en.csv */,
				5D37DDD22C647E040099C54E /* p101-en.csv */,
				5D37DDEE2C647E050099C54E /* p102-en.csv */,
				5D37DE322C647E080099C54E /* p103-en.csv */,
			);
			path = Words;
			sourceTree = "<group>";
		};
		5D37DDC72C646AB90099C54E /* enum */ = {
			isa = PBXGroup;
			children = (
				5D37DDC52C646A520099C54E /* Lang.swift */,
			);
			path = enum;
			sourceTree = "<group>";
		};
		5D37DDCA2C6474DF0099C54E /* Language */ = {
			isa = PBXGroup;
			children = (
				5D37DDC32C646A1E0099C54E /* LangManager.swift */,
				5D37DDBF2C64699C0099C54E /* LangButton.swift */,
				5D37DDC12C6469A90099C54E /* LangView.swift */,
				5D37DDCB2C6476710099C54E /* LangFileLoader.swift */,
			);
			path = Language;
			sourceTree = "<group>";
		};
		5DAF8EB92C62AD9000B41F0A /* utils */ = {
			isa = PBXGroup;
			children = (
				5DAF8EBA2C62ADA200B41F0A /* Constants.swift */,
				5DAF8EBC2C62ADB000B41F0A /* UserDefaultsUtils.swift */,
			);
			path = utils;
			sourceTree = "<group>";
		};
		5DAF8EBE2C62ADD100B41F0A /* extensions */ = {
			isa = PBXGroup;
			children = (
				5DAF8EBF2C62ADE200B41F0A /* Color.swift */,
			);
			path = extensions;
			sourceTree = "<group>";
		};
		5DB2E3EA2C58475300E03552 /* components */ = {
			isa = PBXGroup;
			children = (
				5DB2E3EB2C58477700E03552 /* FloatSlider.swift */,
			);
			path = components;
			sourceTree = "<group>";
		};
/* End PBXGroup section */

/* Begin PBXNativeTarget section */
		5D1296CE2C55B05B00A9D40D /* Oxford Picture Dictionary */ = {
			isa = PBXNativeTarget;
			buildConfigurationList = 5D1296F52C55B05E00A9D40D /* Build configuration list for PBXNativeTarget "Oxford Picture Dictionary" */;
			buildPhases = (
				5D1296CB2C55B05B00A9D40D /* Sources */,
				5D1296CC2C55B05B00A9D40D /* Frameworks */,
				5D1296CD2C55B05B00A9D40D /* Resources */,
			);
			buildRules = (
			);
			dependencies = (
			);
			name = "Oxford Picture Dictionary";
			productName = "Oxford Picture Dictionary";
			productReference = 5D1296CF2C55B05B00A9D40D /* Oxford Picture Dictionary.app */;
			productType = "com.apple.product-type.application";
		};
		5D1296E02C55B05E00A9D40D /* Oxford Picture DictionaryTests */ = {
			isa = PBXNativeTarget;
			buildConfigurationList = 5D1296F82C55B05E00A9D40D /* Build configuration list for PBXNativeTarget "Oxford Picture DictionaryTests" */;
			buildPhases = (
				5D1296DD2C55B05E00A9D40D /* Sources */,
				5D1296DE2C55B05E00A9D40D /* Frameworks */,
				5D1296DF2C55B05E00A9D40D /* Resources */,
			);
			buildRules = (
			);
			dependencies = (
				5D1296E32C55B05E00A9D40D /* PBXTargetDependency */,
			);
			name = "Oxford Picture DictionaryTests";
			productName = "Oxford Picture DictionaryTests";
			productReference = 5D1296E12C55B05E00A9D40D /* Oxford Picture DictionaryTests.xctest */;
			productType = "com.apple.product-type.bundle.unit-test";
		};
		5D1296EA2C55B05E00A9D40D /* Oxford Picture DictionaryUITests */ = {
			isa = PBXNativeTarget;
			buildConfigurationList = 5D1296FB2C55B05E00A9D40D /* Build configuration list for PBXNativeTarget "Oxford Picture DictionaryUITests" */;
			buildPhases = (
				5D1296E72C55B05E00A9D40D /* Sources */,
				5D1296E82C55B05E00A9D40D /* Frameworks */,
				5D1296E92C55B05E00A9D40D /* Resources */,
			);
			buildRules = (
			);
			dependencies = (
				5D1296ED2C55B05E00A9D40D /* PBXTargetDependency */,
			);
			name = "Oxford Picture DictionaryUITests";
			productName = "Oxford Picture DictionaryUITests";
			productReference = 5D1296EB2C55B05E00A9D40D /* Oxford Picture DictionaryUITests.xctest */;
			productType = "com.apple.product-type.bundle.ui-testing";
		};
/* End PBXNativeTarget section */

/* Begin PBXProject section */
		5D1296C72C55B05B00A9D40D /* Project object */ = {
			isa = PBXProject;
			attributes = {
				BuildIndependentTargetsInParallel = 1;
				LastSwiftUpdateCheck = 1520;
				LastUpgradeCheck = 1520;
				TargetAttributes = {
					5D1296CE2C55B05B00A9D40D = {
						CreatedOnToolsVersion = 15.2;
					};
					5D1296E02C55B05E00A9D40D = {
						CreatedOnToolsVersion = 15.2;
						TestTargetID = 5D1296CE2C55B05B00A9D40D;
					};
					5D1296EA2C55B05E00A9D40D = {
						CreatedOnToolsVersion = 15.2;
						TestTargetID = 5D1296CE2C55B05B00A9D40D;
					};
				};
			};
			buildConfigurationList = 5D1296CA2C55B05B00A9D40D /* Build configuration list for PBXProject "Oxford Picture Dictionary" */;
			compatibilityVersion = "Xcode 14.0";
			developmentRegion = en;
			hasScannedForEncodings = 0;
			knownRegions = (
				en,
				Base,
			);
			mainGroup = 5D1296C62C55B05B00A9D40D;
			productRefGroup = 5D1296D02C55B05B00A9D40D /* Products */;
			projectDirPath = "";
			projectRoot = "";
			targets = (
				5D1296CE2C55B05B00A9D40D /* Oxford Picture Dictionary */,
				5D1296E02C55B05E00A9D40D /* Oxford Picture DictionaryTests */,
				5D1296EA2C55B05E00A9D40D /* Oxford Picture DictionaryUITests */,
			);
		};
/* End PBXProject section */

/* Begin PBXResourcesBuildPhase section */
		5D1296CD2C55B05B00A9D40D /* Resources */ = {
			isa = PBXResourcesBuildPhase;
			buildActionMask = 2147483647;
			files = (
				5D37DE4E2C647E090099C54E /* p63-en.csv in Resources */,
				5D37DE972C647E090099C54E /* p23-en.csv in Resources */,
				5D37DE622C647E090099C54E /* p20-en.csv in Resources */,
				5D37DE542C647E090099C54E /* p102-en.csv in Resources */,
				5D37DE8C2C647E090099C54E /* p90-en.csv in Resources */,
				5D37DE6B2C647E090099C54E /* p92-en.csv in Resources */,
				5D37DE7E2C647E090099C54E /* p27-en.csv in Resources */,
				5D37DE832C647E090099C54E /* p10-en.csv in Resources */,
				5D37DE8F2C647E090099C54E /* p4-en.csv in Resources */,
				5D37DE902C647E090099C54E /* p22-en.csv in Resources */,
				5D37DE712C647E090099C54E /* p64-en.csv in Resources */,
				5D37DE852C647E090099C54E /* p6-en.csv in Resources */,
				5D37DE422C647E080099C54E /* p68-en.csv in Resources */,
				5D37DE3B2C647E080099C54E /* p79-en.csv in Resources */,
				5D37DE362C647E080099C54E /* p31-en.csv in Resources */,
				5D37DE692C647E090099C54E /* p80-en.csv in Resources */,
				5D37DE6A2C647E090099C54E /* p33-en.csv in Resources */,
				5D37DE752C647E090099C54E /* p48-en.csv in Resources */,
				5D37DE7C2C647E090099C54E /* p55-en.csv in Resources */,
				5D37DE8E2C647E090099C54E /* p39-en.csv in Resources */,
				5D37DE802C647E090099C54E /* p42-en.csv in Resources */,
				5D37DE3A2C647E080099C54E /* p70-en.csv in Resources */,
				5D37DE8A2C647E090099C54E /* p56-en.csv in Resources */,
				5D37DE612C647E090099C54E /* p35-en.csv in Resources */,
				5D37DE872C647E090099C54E /* p77-en.csv in Resources */,
				5D37DE382C647E080099C54E /* p101-en.csv in Resources */,
				5D37DE842C647E090099C54E /* p99-en.csv in Resources */,
				5D37DE922C647E090099C54E /* p37-en.csv in Resources */,
				5D37DE492C647E090099C54E /* p18-en.csv in Resources */,
				5D37DE5E2C647E090099C54E /* p5-en.csv in Resources */,
				5D37DE352C647E080099C54E /* p75-en.csv in Resources */,
				5D37DE672C647E090099C54E /* p88-en.csv in Resources */,
				5DAF8EC52C63173B00B41F0A /* LaunchScreen.storyboard in Resources */,
				5D37DE762C647E090099C54E /* p98-en.csv in Resources */,
				5D37DE332C647E080099C54E /* p85-en.csv in Resources */,
				5D37DE932C647E090099C54E /* p11-en.csv in Resources */,
				5D37DE3E2C647E080099C54E /* p67-en.csv in Resources */,
				5D37DE3F2C647E080099C54E /* p40-en.csv in Resources */,
				5D37DE5A2C647E090099C54E /* p91-en.csv in Resources */,
				5D37DE4C2C647E090099C54E /* p100-en.csv in Resources */,
				5D37DE732C647E090099C54E /* p47-en.csv in Resources */,
				5D37DE782C647E090099C54E /* p72-en.csv in Resources */,
				5D37DE482C647E090099C54E /* p83-en.csv in Resources */,
				5D37DE7D2C647E090099C54E /* p16-en.csv in Resources */,
				5D37DE662C647E090099C54E /* p9-en.csv in Resources */,
				5D1296DC2C55B05D00A9D40D /* Preview Assets.xcassets in Resources */,
				5D37DE892C647E090099C54E /* p57-en.csv in Resources */,
				5D37DE592C647E090099C54E /* p28-en.csv in Resources */,
				5D37DE562C647E090099C54E /* p46-en.csv in Resources */,
				5D37DE812C647E090099C54E /* p44-en.csv in Resources */,
				5D37DE4B2C647E090099C54E /* p32-en.csv in Resources */,
				5D37DE412C647E080099C54E /* p26-en.csv in Resources */,
				5D37DE6F2C647E090099C54E /* p45-en.csv in Resources */,
				5D37DE5C2C647E090099C54E /* p73-en.csv in Resources */,
				5D37DE652C647E090099C54E /* p65-en.csv in Resources */,
				5D37DE6E2C647E090099C54E /* p41-en.csv in Resources */,
				5D37DE682C647E090099C54E /* p3-en.csv in Resources */,
				5D37DE522C647E090099C54E /* p69-en.csv in Resources */,
				5D37DE472C647E090099C54E /* p71-en.csv in Resources */,
				5D37DE8B2C647E090099C54E /* p13-en.csv in Resources */,
				5D37DE502C647E090099C54E /* p54-en.csv in Resources */,
				5D37DE462C647E090099C54E /* p60-en.csv in Resources */,
				5D37DE632C647E090099C54E /* p58-en.csv in Resources */,
				5D37DE7F2C647E090099C54E /* p29-en.csv in Resources */,
				5D37DE5F2C647E090099C54E /* p52-en.csv in Resources */,
				5D37DE5D2C647E090099C54E /* p15-en.csv in Resources */,
				5D37DE4D2C647E090099C54E /* p97-en.csv in Resources */,
				5D37DE982C647E090099C54E /* p103-en.csv in Resources */,
				5D37DE402C647E080099C54E /* p94-en.csv in Resources */,
				5D37DE912C647E090099C54E /* p49-en.csv in Resources */,
				5D37DE792C647E090099C54E /* p53-en.csv in Resources */,
				5D37DE6C2C647E090099C54E /* p43-en.csv in Resources */,
				5D37DE702C647E090099C54E /* p8-en.csv in Resources */,
				5D37DE442C647E080099C54E /* p24-en.csv in Resources */,
				5D1296D92C55B05D00A9D40D /* Assets.xcassets in Resources */,
				5D37DE822C647E090099C54E /* p81-en.csv in Resources */,
				5D37DE742C647E090099C54E /* p62-en.csv in Resources */,
				5D37DE432C647E080099C54E /* p51-en.csv in Resources */,
				5D37DE772C647E090099C54E /* p36-en.csv in Resources */,
				5D37DE7A2C647E090099C54E /* p34-en.csv in Resources */,
				5D37DE342C647E080099C54E /* p17-en.csv in Resources */,
				5D37DE642C647E090099C54E /* p61-en.csv in Resources */,
				5D37DE552C647E090099C54E /* p86-en.csv in Resources */,
				5D37DE392C647E080099C54E /* p59-en.csv in Resources */,
				5D37DE6D2C647E090099C54E /* p12-en.csv in Resources */,
				5D37DE882C647E090099C54E /* p82-en.csv in Resources */,
				5D37DE582C647E090099C54E /* p21-en.csv in Resources */,
				5D37DE862C647E090099C54E /* p87-en.csv in Resources */,
				5D37DE952C647E090099C54E /* p19-en.csv in Resources */,
				5D37DE3C2C647E080099C54E /* p50-en.csv in Resources */,
				5D37DE7B2C647E090099C54E /* p84-en.csv in Resources */,
				5D37DE5B2C647E090099C54E /* p96-en.csv in Resources */,
				5D37DE8D2C647E090099C54E /* p89-en.csv in Resources */,
				5D37DE4F2C647E090099C54E /* p25-en.csv in Resources */,
				5D37DE4A2C647E090099C54E /* p14-en.csv in Resources */,
				5D37DE572C647E090099C54E /* p7-en.csv in Resources */,
				5D37DE942C647E090099C54E /* p66-en.csv in Resources */,
				5D37DE372C647E080099C54E /* p30-en.csv in Resources */,
				5D37DE452C647E080099C54E /* p95-en.csv in Resources */,
				5D37DE602C647E090099C54E /* p2-en.csv in Resources */,
				5D37DE3D2C647E080099C54E /* p74-en.csv in Resources */,
				5D37DE722C647E090099C54E /* p93-en.csv in Resources */,
				5D37DE512C647E090099C54E /* p76-en.csv in Resources */,
				5D37DE962C647E090099C54E /* p78-en.csv in Resources */,
				5D37DE532C647E090099C54E /* p38-en.csv in Resources */,
			);
			runOnlyForDeploymentPostprocessing = 0;
		};
		5D1296DF2C55B05E00A9D40D /* Resources */ = {
			isa = PBXResourcesBuildPhase;
			buildActionMask = 2147483647;
			files = (
			);
			runOnlyForDeploymentPostprocessing = 0;
		};
		5D1296E92C55B05E00A9D40D /* Resources */ = {
			isa = PBXResourcesBuildPhase;
			buildActionMask = 2147483647;
			files = (
			);
			runOnlyForDeploymentPostprocessing = 0;
		};
/* End PBXResourcesBuildPhase section */

/* Begin PBXSourcesBuildPhase section */
		5D1296CB2C55B05B00A9D40D /* Sources */ = {
			isa = PBXSourcesBuildPhase;
			buildActionMask = 2147483647;
			files = (
				5DB2E3E72C581B9B00E03552 /* SpeechManager.swift in Sources */,
				5D37DDC02C64699C0099C54E /* LangButton.swift in Sources */,
				5D1296D52C55B05B00A9D40D /* ContentView.swift in Sources */,
				5DB2E3EC2C58477700E03552 /* FloatSlider.swift in Sources */,
				5D37DDCC2C6476710099C54E /* LangFileLoader.swift in Sources */,
				5D37DDC42C646A1E0099C54E /* LangManager.swift in Sources */,
				5D1297052C55BCC400A9D40D /* DragBubbleImageView.swift in Sources */,
				5D1296FF2C55B2F700A9D40D /* Bubble.swift in Sources */,
				5D37DDC62C646A520099C54E /* Lang.swift in Sources */,
				5DAF8EC02C62ADE200B41F0A /* Color.swift in Sources */,
				5DAF8EBB2C62ADA200B41F0A /* Constants.swift in Sources */,
				5DB2E3E92C58242200E03552 /* SpeechAdjustView.swift in Sources */,
				5D1297012C55B39800A9D40D /* BubbleImageView.swift in Sources */,
				5DB2E3F02C58552600E03552 /* PercentObservableObject.swift in Sources */,
				5DAF8EBD2C62ADB000B41F0A /* UserDefaultsUtils.swift in Sources */,
				5D37DDC22C6469A90099C54E /* LangView.swift in Sources */,
				5D1296D32C55B05B00A9D40D /* Oxford_Picture_DictionaryApp.swift in Sources */,
			);
			runOnlyForDeploymentPostprocessing = 0;
		};
		5D1296DD2C55B05E00A9D40D /* Sources */ = {
			isa = PBXSourcesBuildPhase;
			buildActionMask = 2147483647;
			files = (
				5D1296E62C55B05E00A9D40D /* Oxford_Picture_DictionaryTests.swift in Sources */,
			);
			runOnlyForDeploymentPostprocessing = 0;
		};
		5D1296E72C55B05E00A9D40D /* Sources */ = {
			isa = PBXSourcesBuildPhase;
			buildActionMask = 2147483647;
			files = (
				5D1296F02C55B05E00A9D40D /* Oxford_Picture_DictionaryUITests.swift in Sources */,
				5D1296F22C55B05E00A9D40D /* Oxford_Picture_DictionaryUITestsLaunchTests.swift in Sources */,
			);
			runOnlyForDeploymentPostprocessing = 0;
		};
/* End PBXSourcesBuildPhase section */

/* Begin PBXTargetDependency section */
		5D1296E32C55B05E00A9D40D /* PBXTargetDependency */ = {
			isa = PBXTargetDependency;
			target = 5D1296CE2C55B05B00A9D40D /* Oxford Picture Dictionary */;
			targetProxy = 5D1296E22C55B05E00A9D40D /* PBXContainerItemProxy */;
		};
		5D1296ED2C55B05E00A9D40D /* PBXTargetDependency */ = {
			isa = PBXTargetDependency;
			target = 5D1296CE2C55B05B00A9D40D /* Oxford Picture Dictionary */;
			targetProxy = 5D1296EC2C55B05E00A9D40D /* PBXContainerItemProxy */;
		};
/* End PBXTargetDependency section */

/* Begin XCBuildConfiguration section */
		5D1296F32C55B05E00A9D40D /* Debug */ = {
			isa = XCBuildConfiguration;
			buildSettings = {
				ALWAYS_SEARCH_USER_PATHS = NO;
				ASSETCATALOG_COMPILER_GENERATE_SWIFT_ASSET_SYMBOL_EXTENSIONS = YES;
				CLANG_ANALYZER_NONNULL = YES;
				CLANG_ANALYZER_NUMBER_OBJECT_CONVERSION = YES_AGGRESSIVE;
				CLANG_CXX_LANGUAGE_STANDARD = "gnu++20";
				CLANG_ENABLE_MODULES = YES;
				CLANG_ENABLE_OBJC_ARC = YES;
				CLANG_ENABLE_OBJC_WEAK = YES;
				CLANG_WARN_BLOCK_CAPTURE_AUTORELEASING = YES;
				CLANG_WARN_BOOL_CONVERSION = YES;
				CLANG_WARN_COMMA = YES;
				CLANG_WARN_CONSTANT_CONVERSION = YES;
				CLANG_WARN_DEPRECATED_OBJC_IMPLEMENTATIONS = YES;
				CLANG_WARN_DIRECT_OBJC_ISA_USAGE = YES_ERROR;
				CLANG_WARN_DOCUMENTATION_COMMENTS = YES;
				CLANG_WARN_EMPTY_BODY = YES;
				CLANG_WARN_ENUM_CONVERSION = YES;
				CLANG_WARN_INFINITE_RECURSION = YES;
				CLANG_WARN_INT_CONVERSION = YES;
				CLANG_WARN_NON_LITERAL_NULL_CONVERSION = YES;
				CLANG_WARN_OBJC_IMPLICIT_RETAIN_SELF = YES;
				CLANG_WARN_OBJC_LITERAL_CONVERSION = YES;
				CLANG_WARN_OBJC_ROOT_CLASS = YES_ERROR;
				CLANG_WARN_QUOTED_INCLUDE_IN_FRAMEWORK_HEADER = YES;
				CLANG_WARN_RANGE_LOOP_ANALYSIS = YES;
				CLANG_WARN_STRICT_PROTOTYPES = YES;
				CLANG_WARN_SUSPICIOUS_MOVE = YES;
				CLANG_WARN_UNGUARDED_AVAILABILITY = YES_AGGRESSIVE;
				CLANG_WARN_UNREACHABLE_CODE = YES;
				CLANG_WARN__DUPLICATE_METHOD_MATCH = YES;
				COPY_PHASE_STRIP = NO;
				DEBUG_INFORMATION_FORMAT = dwarf;
				ENABLE_STRICT_OBJC_MSGSEND = YES;
				ENABLE_TESTABILITY = YES;
				ENABLE_USER_SCRIPT_SANDBOXING = YES;
				GCC_C_LANGUAGE_STANDARD = gnu17;
				GCC_DYNAMIC_NO_PIC = NO;
				GCC_NO_COMMON_BLOCKS = YES;
				GCC_OPTIMIZATION_LEVEL = 0;
				GCC_PREPROCESSOR_DEFINITIONS = (
					"DEBUG=1",
					"$(inherited)",
				);
				GCC_WARN_64_TO_32_BIT_CONVERSION = YES;
				GCC_WARN_ABOUT_RETURN_TYPE = YES_ERROR;
				GCC_WARN_UNDECLARED_SELECTOR = YES;
				GCC_WARN_UNINITIALIZED_AUTOS = YES_AGGRESSIVE;
				GCC_WARN_UNUSED_FUNCTION = YES;
				GCC_WARN_UNUSED_VARIABLE = YES;
				IPHONEOS_DEPLOYMENT_TARGET = 17.2;
				LOCALIZATION_PREFERS_STRING_CATALOGS = YES;
				MTL_ENABLE_DEBUG_INFO = INCLUDE_SOURCE;
				MTL_FAST_MATH = YES;
				ONLY_ACTIVE_ARCH = YES;
				SDKROOT = iphoneos;
				SWIFT_ACTIVE_COMPILATION_CONDITIONS = "DEBUG $(inherited)";
				SWIFT_OPTIMIZATION_LEVEL = "-Onone";
			};
			name = Debug;
		};
		5D1296F42C55B05E00A9D40D /* Release */ = {
			isa = XCBuildConfiguration;
			buildSettings = {
				ALWAYS_SEARCH_USER_PATHS = NO;
				ASSETCATALOG_COMPILER_GENERATE_SWIFT_ASSET_SYMBOL_EXTENSIONS = YES;
				CLANG_ANALYZER_NONNULL = YES;
				CLANG_ANALYZER_NUMBER_OBJECT_CONVERSION = YES_AGGRESSIVE;
				CLANG_CXX_LANGUAGE_STANDARD = "gnu++20";
				CLANG_ENABLE_MODULES = YES;
				CLANG_ENABLE_OBJC_ARC = YES;
				CLANG_ENABLE_OBJC_WEAK = YES;
				CLANG_WARN_BLOCK_CAPTURE_AUTORELEASING = YES;
				CLANG_WARN_BOOL_CONVERSION = YES;
				CLANG_WARN_COMMA = YES;
				CLANG_WARN_CONSTANT_CONVERSION = YES;
				CLANG_WARN_DEPRECATED_OBJC_IMPLEMENTATIONS = YES;
				CLANG_WARN_DIRECT_OBJC_ISA_USAGE = YES_ERROR;
				CLANG_WARN_DOCUMENTATION_COMMENTS = YES;
				CLANG_WARN_EMPTY_BODY = YES;
				CLANG_WARN_ENUM_CONVERSION = YES;
				CLANG_WARN_INFINITE_RECURSION = YES;
				CLANG_WARN_INT_CONVERSION = YES;
				CLANG_WARN_NON_LITERAL_NULL_CONVERSION = YES;
				CLANG_WARN_OBJC_IMPLICIT_RETAIN_SELF = YES;
				CLANG_WARN_OBJC_LITERAL_CONVERSION = YES;
				CLANG_WARN_OBJC_ROOT_CLASS = YES_ERROR;
				CLANG_WARN_QUOTED_INCLUDE_IN_FRAMEWORK_HEADER = YES;
				CLANG_WARN_RANGE_LOOP_ANALYSIS = YES;
				CLANG_WARN_STRICT_PROTOTYPES = YES;
				CLANG_WARN_SUSPICIOUS_MOVE = YES;
				CLANG_WARN_UNGUARDED_AVAILABILITY = YES_AGGRESSIVE;
				CLANG_WARN_UNREACHABLE_CODE = YES;
				CLANG_WARN__DUPLICATE_METHOD_MATCH = YES;
				COPY_PHASE_STRIP = NO;
				DEBUG_INFORMATION_FORMAT = "dwarf-with-dsym";
				ENABLE_NS_ASSERTIONS = NO;
				ENABLE_STRICT_OBJC_MSGSEND = YES;
				ENABLE_USER_SCRIPT_SANDBOXING = YES;
				GCC_C_LANGUAGE_STANDARD = gnu17;
				GCC_NO_COMMON_BLOCKS = YES;
				GCC_WARN_64_TO_32_BIT_CONVERSION = YES;
				GCC_WARN_ABOUT_RETURN_TYPE = YES_ERROR;
				GCC_WARN_UNDECLARED_SELECTOR = YES;
				GCC_WARN_UNINITIALIZED_AUTOS = YES_AGGRESSIVE;
				GCC_WARN_UNUSED_FUNCTION = YES;
				GCC_WARN_UNUSED_VARIABLE = YES;
				IPHONEOS_DEPLOYMENT_TARGET = 17.2;
				LOCALIZATION_PREFERS_STRING_CATALOGS = YES;
				MTL_ENABLE_DEBUG_INFO = NO;
				MTL_FAST_MATH = YES;
				SDKROOT = iphoneos;
				SWIFT_COMPILATION_MODE = wholemodule;
				VALIDATE_PRODUCT = YES;
			};
			name = Release;
		};
		5D1296F62C55B05E00A9D40D /* Debug */ = {
			isa = XCBuildConfiguration;
			buildSettings = {
				ASSETCATALOG_COMPILER_APPICON_NAME = AppIcon;
				ASSETCATALOG_COMPILER_GLOBAL_ACCENT_COLOR_NAME = AccentColor;
				CODE_SIGN_STYLE = Automatic;
				CURRENT_PROJECT_VERSION = 1;
				DEVELOPMENT_ASSET_PATHS = "\"Oxford Picture Dictionary/Preview Content\"";
				DEVELOPMENT_TEAM = KDFWD22A6K;
				ENABLE_PREVIEWS = YES;
				GENERATE_INFOPLIST_FILE = YES;
				INFOPLIST_FILE = "Oxford-Picture-Dictionary-Info.plist";
				INFOPLIST_KEY_CFBundleDisplayName = "Oxford Picture Dictionary";
				INFOPLIST_KEY_LSApplicationCategoryType = "public.app-category.education";
				INFOPLIST_KEY_UIApplicationSceneManifest_Generation = YES;
				INFOPLIST_KEY_UIApplicationSupportsIndirectInputEvents = YES;
				INFOPLIST_KEY_UILaunchStoryboardName = LaunchScreen.storyboard;
				INFOPLIST_KEY_UISupportedInterfaceOrientations_iPad = "UIInterfaceOrientationPortrait UIInterfaceOrientationPortraitUpsideDown UIInterfaceOrientationLandscapeLeft UIInterfaceOrientationLandscapeRight";
				INFOPLIST_KEY_UISupportedInterfaceOrientations_iPhone = "UIInterfaceOrientationPortrait UIInterfaceOrientationLandscapeLeft UIInterfaceOrientationLandscapeRight";
				IPHONEOS_DEPLOYMENT_TARGET = 17.0;
				LD_RUNPATH_SEARCH_PATHS = (
					"$(inherited)",
					"@executable_path/Frameworks",
				);
				MARKETING_VERSION = 1.0;
				PRODUCT_BUNDLE_IDENTIFIER = "KolynEnterprise.Oxford-Picture-Dictionary";
				PRODUCT_NAME = "$(TARGET_NAME)";
				SUPPORTED_PLATFORMS = "iphoneos iphonesimulator";
				SUPPORTS_MACCATALYST = NO;
				SUPPORTS_XR_DESIGNED_FOR_IPHONE_IPAD = NO;
				SWIFT_EMIT_LOC_STRINGS = YES;
				SWIFT_VERSION = 5.0;
				TARGETED_DEVICE_FAMILY = "1,2";
			};
			name = Debug;
		};
		5D1296F72C55B05E00A9D40D /* Release */ = {
			isa = XCBuildConfiguration;
			buildSettings = {
				ASSETCATALOG_COMPILER_APPICON_NAME = AppIcon;
				ASSETCATALOG_COMPILER_GLOBAL_ACCENT_COLOR_NAME = AccentColor;
				CODE_SIGN_STYLE = Automatic;
				CURRENT_PROJECT_VERSION = 1;
				DEVELOPMENT_ASSET_PATHS = "\"Oxford Picture Dictionary/Preview Content\"";
				DEVELOPMENT_TEAM = KDFWD22A6K;
				ENABLE_PREVIEWS = YES;
				GENERATE_INFOPLIST_FILE = YES;
				INFOPLIST_FILE = "Oxford-Picture-Dictionary-Info.plist";
				INFOPLIST_KEY_CFBundleDisplayName = "Oxford Picture Dictionary";
				INFOPLIST_KEY_LSApplicationCategoryType = "public.app-category.education";
				INFOPLIST_KEY_UIApplicationSceneManifest_Generation = YES;
				INFOPLIST_KEY_UIApplicationSupportsIndirectInputEvents = YES;
				INFOPLIST_KEY_UILaunchStoryboardName = LaunchScreen.storyboard;
				INFOPLIST_KEY_UISupportedInterfaceOrientations_iPad = "UIInterfaceOrientationPortrait UIInterfaceOrientationPortraitUpsideDown UIInterfaceOrientationLandscapeLeft UIInterfaceOrientationLandscapeRight";
				INFOPLIST_KEY_UISupportedInterfaceOrientations_iPhone = "UIInterfaceOrientationPortrait UIInterfaceOrientationLandscapeLeft UIInterfaceOrientationLandscapeRight";
				IPHONEOS_DEPLOYMENT_TARGET = 17.0;
				LD_RUNPATH_SEARCH_PATHS = (
					"$(inherited)",
					"@executable_path/Frameworks",
				);
				MARKETING_VERSION = 1.0;
				PRODUCT_BUNDLE_IDENTIFIER = "KolynEnterprise.Oxford-Picture-Dictionary";
				PRODUCT_NAME = "$(TARGET_NAME)";
				SUPPORTED_PLATFORMS = "iphoneos iphonesimulator";
				SUPPORTS_MACCATALYST = NO;
				SUPPORTS_XR_DESIGNED_FOR_IPHONE_IPAD = NO;
				SWIFT_EMIT_LOC_STRINGS = YES;
				SWIFT_VERSION = 5.0;
				TARGETED_DEVICE_FAMILY = "1,2";
			};
			name = Release;
		};
		5D1296F92C55B05E00A9D40D /* Debug */ = {
			isa = XCBuildConfiguration;
			buildSettings = {
				ALWAYS_EMBED_SWIFT_STANDARD_LIBRARIES = YES;
				BUNDLE_LOADER = "$(TEST_HOST)";
				CODE_SIGN_STYLE = Automatic;
				CURRENT_PROJECT_VERSION = 1;
				DEVELOPMENT_TEAM = KDFWD22A6K;
				GENERATE_INFOPLIST_FILE = YES;
				IPHONEOS_DEPLOYMENT_TARGET = 17.2;
				MARKETING_VERSION = 1.0;
				PRODUCT_BUNDLE_IDENTIFIER = "KolynEnterprise.Oxford-Picture-DictionaryTests";
				PRODUCT_NAME = "$(TARGET_NAME)";
				SUPPORTED_PLATFORMS = "iphoneos iphonesimulator";
				SUPPORTS_MACCATALYST = YES;
				SUPPORTS_XR_DESIGNED_FOR_IPHONE_IPAD = NO;
				SWIFT_EMIT_LOC_STRINGS = NO;
				SWIFT_VERSION = 5.0;
				TARGETED_DEVICE_FAMILY = "1,2";
				TEST_HOST = "$(BUILT_PRODUCTS_DIR)/Oxford Picture Dictionary.app/$(BUNDLE_EXECUTABLE_FOLDER_PATH)/Oxford Picture Dictionary";
			};
			name = Debug;
		};
		5D1296FA2C55B05E00A9D40D /* Release */ = {
			isa = XCBuildConfiguration;
			buildSettings = {
				ALWAYS_EMBED_SWIFT_STANDARD_LIBRARIES = YES;
				BUNDLE_LOADER = "$(TEST_HOST)";
				CODE_SIGN_STYLE = Automatic;
				CURRENT_PROJECT_VERSION = 1;
				DEVELOPMENT_TEAM = KDFWD22A6K;
				GENERATE_INFOPLIST_FILE = YES;
				IPHONEOS_DEPLOYMENT_TARGET = 17.2;
				MARKETING_VERSION = 1.0;
				PRODUCT_BUNDLE_IDENTIFIER = "KolynEnterprise.Oxford-Picture-DictionaryTests";
				PRODUCT_NAME = "$(TARGET_NAME)";
				SUPPORTED_PLATFORMS = "iphoneos iphonesimulator";
				SUPPORTS_MACCATALYST = YES;
				SUPPORTS_XR_DESIGNED_FOR_IPHONE_IPAD = NO;
				SWIFT_EMIT_LOC_STRINGS = NO;
				SWIFT_VERSION = 5.0;
				TARGETED_DEVICE_FAMILY = "1,2";
				TEST_HOST = "$(BUILT_PRODUCTS_DIR)/Oxford Picture Dictionary.app/$(BUNDLE_EXECUTABLE_FOLDER_PATH)/Oxford Picture Dictionary";
			};
			name = Release;
		};
		5D1296FC2C55B05E00A9D40D /* Debug */ = {
			isa = XCBuildConfiguration;
			buildSettings = {
				ALWAYS_EMBED_SWIFT_STANDARD_LIBRARIES = YES;
				CODE_SIGN_STYLE = Automatic;
				CURRENT_PROJECT_VERSION = 1;
				DEVELOPMENT_TEAM = KDFWD22A6K;
				GENERATE_INFOPLIST_FILE = YES;
				MARKETING_VERSION = 1.0;
				PRODUCT_BUNDLE_IDENTIFIER = "KolynEnterprise.Oxford-Picture-DictionaryUITests";
				PRODUCT_NAME = "$(TARGET_NAME)";
				SUPPORTED_PLATFORMS = "iphoneos iphonesimulator";
				SUPPORTS_MACCATALYST = YES;
				SUPPORTS_XR_DESIGNED_FOR_IPHONE_IPAD = NO;
				SWIFT_EMIT_LOC_STRINGS = NO;
				SWIFT_VERSION = 5.0;
				TARGETED_DEVICE_FAMILY = "1,2";
				TEST_TARGET_NAME = "Oxford Picture Dictionary";
			};
			name = Debug;
		};
		5D1296FD2C55B05E00A9D40D /* Release */ = {
			isa = XCBuildConfiguration;
			buildSettings = {
				ALWAYS_EMBED_SWIFT_STANDARD_LIBRARIES = YES;
				CODE_SIGN_STYLE = Automatic;
				CURRENT_PROJECT_VERSION = 1;
				DEVELOPMENT_TEAM = KDFWD22A6K;
				GENERATE_INFOPLIST_FILE = YES;
				MARKETING_VERSION = 1.0;
				PRODUCT_BUNDLE_IDENTIFIER = "KolynEnterprise.Oxford-Picture-DictionaryUITests";
				PRODUCT_NAME = "$(TARGET_NAME)";
				SUPPORTED_PLATFORMS = "iphoneos iphonesimulator";
				SUPPORTS_MACCATALYST = YES;
				SUPPORTS_XR_DESIGNED_FOR_IPHONE_IPAD = NO;
				SWIFT_EMIT_LOC_STRINGS = NO;
				SWIFT_VERSION = 5.0;
				TARGETED_DEVICE_FAMILY = "1,2";
				TEST_TARGET_NAME = "Oxford Picture Dictionary";
			};
			name = Release;
		};
/* End XCBuildConfiguration section */

/* Begin XCConfigurationList section */
		5D1296CA2C55B05B00A9D40D /* Build configuration list for PBXProject "Oxford Picture Dictionary" */ = {
			isa = XCConfigurationList;
			buildConfigurations = (
				5D1296F32C55B05E00A9D40D /* Debug */,
				5D1296F42C55B05E00A9D40D /* Release */,
			);
			defaultConfigurationIsVisible = 0;
			defaultConfigurationName = Release;
		};
		5D1296F52C55B05E00A9D40D /* Build configuration list for PBXNativeTarget "Oxford Picture Dictionary" */ = {
			isa = XCConfigurationList;
			buildConfigurations = (
				5D1296F62C55B05E00A9D40D /* Debug */,
				5D1296F72C55B05E00A9D40D /* Release */,
			);
			defaultConfigurationIsVisible = 0;
			defaultConfigurationName = Release;
		};
		5D1296F82C55B05E00A9D40D /* Build configuration list for PBXNativeTarget "Oxford Picture DictionaryTests" */ = {
			isa = XCConfigurationList;
			buildConfigurations = (
				5D1296F92C55B05E00A9D40D /* Debug */,
				5D1296FA2C55B05E00A9D40D /* Release */,
			);
			defaultConfigurationIsVisible = 0;
			defaultConfigurationName = Release;
		};
		5D1296FB2C55B05E00A9D40D /* Build configuration list for PBXNativeTarget "Oxford Picture DictionaryUITests" */ = {
			isa = XCConfigurationList;
			buildConfigurations = (
				5D1296FC2C55B05E00A9D40D /* Debug */,
				5D1296FD2C55B05E00A9D40D /* Release */,
			);
			defaultConfigurationIsVisible = 0;
			defaultConfigurationName = Release;
		};
/* End XCConfigurationList section */
	};
	rootObject = 5D1296C72C55B05B00A9D40D /* Project object */;
}
