// !$*UTF8*$!
{
	archiveVersion = 1;
	classes = {
	};
	objectVersion = 56;
	objects = {

/* Begin PBXBuildFile section */
		5D1296D32C55B05B00A9D40D /* Oxford_Picture_DictionaryApp.swift in Sources */ = {isa = PBXBuildFile; fileRef = 5D1296D22C55B05B00A9D40D /* Oxford_Picture_DictionaryApp.swift */; };
		5D1296D52C55B05B00A9D40D /* ContentView.swift in Sources */ = {isa = PBXBuildFile; fileRef = 5D1296D42C55B05B00A9D40D /* ContentView.swift */; };
		5D1296D92C55B05D00A9D40D /* Assets.xcassets in Resources */ = {isa = PBXBuildFile; fileRef = 5D1296D82C55B05D00A9D40D /* Assets.xcassets */; };
		5D1296DC2C55B05D00A9D40D /* Preview Assets.xcassets in Resources */ = {isa = PBXBuildFile; fileRef = 5D1296DB2C55B05D00A9D40D /* Preview Assets.xcassets */; };
		5D1296E62C55B05E00A9D40D /* Oxford_Picture_DictionaryTests.swift in Sources */ = {isa = PBXBuildFile; fileRef = 5D1296E52C55B05E00A9D40D /* Oxford_Picture_DictionaryTests.swift */; };
		5D1296F02C55B05E00A9D40D /* Oxford_Picture_DictionaryUITests.swift in Sources */ = {isa = PBXBuildFile; fileRef = 5D1296EF2C55B05E00A9D40D /* Oxford_Picture_DictionaryUITests.swift */; };
		5D1296F22C55B05E00A9D40D /* Oxford_Picture_DictionaryUITestsLaunchTests.swift in Sources */ = {isa = PBXBuildFile; fileRef = 5D1296F12C55B05E00A9D40D /* Oxford_Picture_DictionaryUITestsLaunchTests.swift */; };
		5D1296FF2C55B2F700A9D40D /* Bubble.swift in Sources */ = {isa = PBXBuildFile; fileRef = 5D1296FE2C55B2F700A9D40D /* Bubble.swift */; };
		5D1297012C55B39800A9D40D /* BubbleImageView.swift in Sources */ = {isa = PBXBuildFile; fileRef = 5D1297002C55B39700A9D40D /* BubbleImageView.swift */; };
		5D1297052C55BCC400A9D40D /* DragBubbleImageView.swift in Sources */ = {isa = PBXBuildFile; fileRef = 5D1297042C55BCC400A9D40D /* DragBubbleImageView.swift */; };
		5D12970C2C55C3D100A9D40D /* p2.csv in Resources */ = {isa = PBXBuildFile; fileRef = 5D12970B2C55C3D100A9D40D /* p2.csv */; };
		5D12970E2C55CFB300A9D40D /* p3.csv in Resources */ = {isa = PBXBuildFile; fileRef = 5D12970D2C55CFB300A9D40D /* p3.csv */; };
		5D1297102C55ED4400A9D40D /* p4.csv in Resources */ = {isa = PBXBuildFile; fileRef = 5D12970F2C55ED4400A9D40D /* p4.csv */; };
		5D440E302C5A9E91000774C1 /* p67.csv in Resources */ = {isa = PBXBuildFile; fileRef = 5D440DEB2C5A9E90000774C1 /* p67.csv */; };
		5D440E312C5A9E91000774C1 /* p81.csv in Resources */ = {isa = PBXBuildFile; fileRef = 5D440DEC2C5A9E90000774C1 /* p81.csv */; };
		5D440E322C5A9E91000774C1 /* p55.csv in Resources */ = {isa = PBXBuildFile; fileRef = 5D440DED2C5A9E90000774C1 /* p55.csv */; };
		5D440E332C5A9E91000774C1 /* p103.csv in Resources */ = {isa = PBXBuildFile; fileRef = 5D440DEE2C5A9E90000774C1 /* p103.csv */; };
		5D440E342C5A9E91000774C1 /* p80.csv in Resources */ = {isa = PBXBuildFile; fileRef = 5D440DEF2C5A9E90000774C1 /* p80.csv */; };
		5D440E352C5A9E91000774C1 /* p77.csv in Resources */ = {isa = PBXBuildFile; fileRef = 5D440DF02C5A9E90000774C1 /* p77.csv */; };
		5D440E362C5A9E91000774C1 /* p43.csv in Resources */ = {isa = PBXBuildFile; fileRef = 5D440DF12C5A9E90000774C1 /* p43.csv */; };
		5D440E372C5A9E91000774C1 /* p87.csv in Resources */ = {isa = PBXBuildFile; fileRef = 5D440DF22C5A9E90000774C1 /* p87.csv */; };
		5D440E382C5A9E91000774C1 /* p42.csv in Resources */ = {isa = PBXBuildFile; fileRef = 5D440DF32C5A9E90000774C1 /* p42.csv */; };
		5D440E392C5A9E91000774C1 /* p53.csv in Resources */ = {isa = PBXBuildFile; fileRef = 5D440DF42C5A9E90000774C1 /* p53.csv */; };
		5D440E3B2C5A9E91000774C1 /* p45.csv in Resources */ = {isa = PBXBuildFile; fileRef = 5D440DF62C5A9E90000774C1 /* p45.csv */; };
		5D440E3C2C5A9E91000774C1 /* p89.csv in Resources */ = {isa = PBXBuildFile; fileRef = 5D440DF72C5A9E90000774C1 /* p89.csv */; };
		5D440E3D2C5A9E91000774C1 /* p61.csv in Resources */ = {isa = PBXBuildFile; fileRef = 5D440DF82C5A9E90000774C1 /* p61.csv */; };
		5D440E3E2C5A9E91000774C1 /* p46.csv in Resources */ = {isa = PBXBuildFile; fileRef = 5D440DF92C5A9E90000774C1 /* p46.csv */; };
		5D440E3F2C5A9E91000774C1 /* p60.csv in Resources */ = {isa = PBXBuildFile; fileRef = 5D440DFA2C5A9E90000774C1 /* p60.csv */; };
		5D440E412C5A9E91000774C1 /* p66.csv in Resources */ = {isa = PBXBuildFile; fileRef = 5D440DFC2C5A9E90000774C1 /* p66.csv */; };
		5D440E432C5A9E91000774C1 /* p47.csv in Resources */ = {isa = PBXBuildFile; fileRef = 5D440DFE2C5A9E90000774C1 /* p47.csv */; };
		5D440E442C5A9E91000774C1 /* p52.csv in Resources */ = {isa = PBXBuildFile; fileRef = 5D440DFF2C5A9E90000774C1 /* p52.csv */; };
		5D440E452C5A9E91000774C1 /* p62.csv in Resources */ = {isa = PBXBuildFile; fileRef = 5D440E002C5A9E90000774C1 /* p62.csv */; };
		5D440E462C5A9E92000774C1 /* p56.csv in Resources */ = {isa = PBXBuildFile; fileRef = 5D440E012C5A9E90000774C1 /* p56.csv */; };
		5D440E472C5A9E92000774C1 /* p83.csv in Resources */ = {isa = PBXBuildFile; fileRef = 5D440E022C5A9E90000774C1 /* p83.csv */; };
		5D440E482C5A9E92000774C1 /* p57.csv in Resources */ = {isa = PBXBuildFile; fileRef = 5D440E032C5A9E90000774C1 /* p57.csv */; };
		5D440E4A2C5A9E92000774C1 /* p74.csv in Resources */ = {isa = PBXBuildFile; fileRef = 5D440E052C5A9E90000774C1 /* p74.csv */; };
		5D440E4B2C5A9E92000774C1 /* p69.csv in Resources */ = {isa = PBXBuildFile; fileRef = 5D440E062C5A9E90000774C1 /* p69.csv */; };
		5D440E4C2C5A9E92000774C1 /* p49.csv in Resources */ = {isa = PBXBuildFile; fileRef = 5D440E072C5A9E90000774C1 /* p49.csv */; };
		5D440E4E2C5A9E92000774C1 /* p63.csv in Resources */ = {isa = PBXBuildFile; fileRef = 5D440E092C5A9E90000774C1 /* p63.csv */; };
		5D440E4F2C5A9E92000774C1 /* p97.csv in Resources */ = {isa = PBXBuildFile; fileRef = 5D440E0A2C5A9E90000774C1 /* p97.csv */; };
		5D440E502C5A9E92000774C1 /* p90.csv in Resources */ = {isa = PBXBuildFile; fileRef = 5D440E0B2C5A9E90000774C1 /* p90.csv */; };
		5D440E512C5A9E92000774C1 /* p41.csv in Resources */ = {isa = PBXBuildFile; fileRef = 5D440E0C2C5A9E90000774C1 /* p41.csv */; };
		5D440E522C5A9E92000774C1 /* p88.csv in Resources */ = {isa = PBXBuildFile; fileRef = 5D440E0D2C5A9E90000774C1 /* p88.csv */; };
		5D440E532C5A9E92000774C1 /* p50.csv in Resources */ = {isa = PBXBuildFile; fileRef = 5D440E0E2C5A9E90000774C1 /* p50.csv */; };
		5D440E542C5A9E92000774C1 /* p70.csv in Resources */ = {isa = PBXBuildFile; fileRef = 5D440E0F2C5A9E91000774C1 /* p70.csv */; };
		5D440E552C5A9E92000774C1 /* p78.csv in Resources */ = {isa = PBXBuildFile; fileRef = 5D440E102C5A9E91000774C1 /* p78.csv */; };
		5D440E562C5A9E92000774C1 /* p82.csv in Resources */ = {isa = PBXBuildFile; fileRef = 5D440E112C5A9E91000774C1 /* p82.csv */; };
		5D440E572C5A9E92000774C1 /* p54.csv in Resources */ = {isa = PBXBuildFile; fileRef = 5D440E122C5A9E91000774C1 /* p54.csv */; };
		5D440E582C5A9E92000774C1 /* p72.csv in Resources */ = {isa = PBXBuildFile; fileRef = 5D440E132C5A9E91000774C1 /* p72.csv */; };
		5D440E592C5A9E92000774C1 /* p65.csv in Resources */ = {isa = PBXBuildFile; fileRef = 5D440E142C5A9E91000774C1 /* p65.csv */; };
		5D440E5A2C5A9E92000774C1 /* p51.csv in Resources */ = {isa = PBXBuildFile; fileRef = 5D440E152C5A9E91000774C1 /* p51.csv */; };
		5D440E5B2C5A9E92000774C1 /* p92.csv in Resources */ = {isa = PBXBuildFile; fileRef = 5D440E162C5A9E91000774C1 /* p92.csv */; };
		5D440E5D2C5A9E92000774C1 /* p101.csv in Resources */ = {isa = PBXBuildFile; fileRef = 5D440E182C5A9E91000774C1 /* p101.csv */; };
		5D440E5E2C5A9E92000774C1 /* p94.csv in Resources */ = {isa = PBXBuildFile; fileRef = 5D440E192C5A9E91000774C1 /* p94.csv */; };
		5D440E5F2C5A9E92000774C1 /* p86.csv in Resources */ = {isa = PBXBuildFile; fileRef = 5D440E1A2C5A9E91000774C1 /* p86.csv */; };
		5D440E602C5A9E92000774C1 /* p64.csv in Resources */ = {isa = PBXBuildFile; fileRef = 5D440E1B2C5A9E91000774C1 /* p64.csv */; };
		5D440E612C5A9E92000774C1 /* p71.csv in Resources */ = {isa = PBXBuildFile; fileRef = 5D440E1C2C5A9E91000774C1 /* p71.csv */; };
		5D440E622C5A9E92000774C1 /* p102.csv in Resources */ = {isa = PBXBuildFile; fileRef = 5D440E1D2C5A9E91000774C1 /* p102.csv */; };
		5D440E632C5A9E92000774C1 /* p44.csv in Resources */ = {isa = PBXBuildFile; fileRef = 5D440E1E2C5A9E91000774C1 /* p44.csv */; };
		5D440E642C5A9E92000774C1 /* p75.csv in Resources */ = {isa = PBXBuildFile; fileRef = 5D440E1F2C5A9E91000774C1 /* p75.csv */; };
		5D440E652C5A9E92000774C1 /* p59.csv in Resources */ = {isa = PBXBuildFile; fileRef = 5D440E202C5A9E91000774C1 /* p59.csv */; };
		5D440E662C5A9E92000774C1 /* p76.csv in Resources */ = {isa = PBXBuildFile; fileRef = 5D440E212C5A9E91000774C1 /* p76.csv */; };
		5D440E672C5A9E92000774C1 /* p68.csv in Resources */ = {isa = PBXBuildFile; fileRef = 5D440E222C5A9E91000774C1 /* p68.csv */; };
		5D440E682C5A9E92000774C1 /* p91.csv in Resources */ = {isa = PBXBuildFile; fileRef = 5D440E232C5A9E91000774C1 /* p91.csv */; };
		5D440E692C5A9E92000774C1 /* p95.csv in Resources */ = {isa = PBXBuildFile; fileRef = 5D440E242C5A9E91000774C1 /* p95.csv */; };
		5D440E6A2C5A9E92000774C1 /* p96.csv in Resources */ = {isa = PBXBuildFile; fileRef = 5D440E252C5A9E91000774C1 /* p96.csv */; };
		5D440E6B2C5A9E92000774C1 /* p73.csv in Resources */ = {isa = PBXBuildFile; fileRef = 5D440E262C5A9E91000774C1 /* p73.csv */; };
		5D440E6C2C5A9E92000774C1 /* p84.csv in Resources */ = {isa = PBXBuildFile; fileRef = 5D440E272C5A9E91000774C1 /* p84.csv */; };
		5D440E6D2C5A9E92000774C1 /* p85.csv in Resources */ = {isa = PBXBuildFile; fileRef = 5D440E282C5A9E91000774C1 /* p85.csv */; };
		5D440E6E2C5A9E92000774C1 /* p58.csv in Resources */ = {isa = PBXBuildFile; fileRef = 5D440E292C5A9E91000774C1 /* p58.csv */; };
		5D440E6F2C5A9E92000774C1 /* p99.csv in Resources */ = {isa = PBXBuildFile; fileRef = 5D440E2A2C5A9E91000774C1 /* p99.csv */; };
		5D440E702C5A9E92000774C1 /* p79.csv in Resources */ = {isa = PBXBuildFile; fileRef = 5D440E2B2C5A9E91000774C1 /* p79.csv */; };
		5D440E712C5A9E92000774C1 /* p93.csv in Resources */ = {isa = PBXBuildFile; fileRef = 5D440E2C2C5A9E91000774C1 /* p93.csv */; };
		5D440E722C5A9E92000774C1 /* p98.csv in Resources */ = {isa = PBXBuildFile; fileRef = 5D440E2D2C5A9E91000774C1 /* p98.csv */; };
		5D440E732C5A9E92000774C1 /* p48.csv in Resources */ = {isa = PBXBuildFile; fileRef = 5D440E2E2C5A9E91000774C1 /* p48.csv */; };
		5D440E742C5A9E92000774C1 /* p100.csv in Resources */ = {isa = PBXBuildFile; fileRef = 5D440E2F2C5A9E91000774C1 /* p100.csv */; };
		5DAF8EBB2C62ADA200B41F0A /* Constants.swift in Sources */ = {isa = PBXBuildFile; fileRef = 5DAF8EBA2C62ADA200B41F0A /* Constants.swift */; };
		5DAF8EBD2C62ADB000B41F0A /* UserDefaultsUtils.swift in Sources */ = {isa = PBXBuildFile; fileRef = 5DAF8EBC2C62ADB000B41F0A /* UserDefaultsUtils.swift */; };
		5DAF8EC02C62ADE200B41F0A /* Color.swift in Sources */ = {isa = PBXBuildFile; fileRef = 5DAF8EBF2C62ADE200B41F0A /* Color.swift */; };
		5DB2E3C02C57CEDE00E03552 /* p22.csv in Resources */ = {isa = PBXBuildFile; fileRef = 5DB2E3BF2C57CEDE00E03552 /* p22.csv */; };
		5DB2E3C22C57CEE800E03552 /* p23.csv in Resources */ = {isa = PBXBuildFile; fileRef = 5DB2E3C12C57CEE800E03552 /* p23.csv */; };
		5DB2E3C42C57CEF200E03552 /* p24.csv in Resources */ = {isa = PBXBuildFile; fileRef = 5DB2E3C32C57CEF200E03552 /* p24.csv */; };
		5DB2E3C62C57CEFF00E03552 /* p25.csv in Resources */ = {isa = PBXBuildFile; fileRef = 5DB2E3C52C57CEFF00E03552 /* p25.csv */; };
		5DB2E3C82C57CF0A00E03552 /* p26.csv in Resources */ = {isa = PBXBuildFile; fileRef = 5DB2E3C72C57CF0A00E03552 /* p26.csv */; };
		5DB2E3CA2C57CF1700E03552 /* p27.csv in Resources */ = {isa = PBXBuildFile; fileRef = 5DB2E3C92C57CF1700E03552 /* p27.csv */; };
		5DB2E3CC2C57CF2600E03552 /* p28.csv in Resources */ = {isa = PBXBuildFile; fileRef = 5DB2E3CB2C57CF2600E03552 /* p28.csv */; };
		5DB2E3CE2C57CF3000E03552 /* p29.csv in Resources */ = {isa = PBXBuildFile; fileRef = 5DB2E3CD2C57CF3000E03552 /* p29.csv */; };
		5DB2E3D02C57CF3B00E03552 /* p30.csv in Resources */ = {isa = PBXBuildFile; fileRef = 5DB2E3CF2C57CF3B00E03552 /* p30.csv */; };
		5DB2E3D22C57CF7100E03552 /* p31.csv in Resources */ = {isa = PBXBuildFile; fileRef = 5DB2E3D12C57CF7100E03552 /* p31.csv */; };
		5DB2E3D42C57CF7A00E03552 /* p32.csv in Resources */ = {isa = PBXBuildFile; fileRef = 5DB2E3D32C57CF7A00E03552 /* p32.csv */; };
		5DB2E3D62C57CF8400E03552 /* p33.csv in Resources */ = {isa = PBXBuildFile; fileRef = 5DB2E3D52C57CF8400E03552 /* p33.csv */; };
		5DB2E3D82C57CF8C00E03552 /* p34.csv in Resources */ = {isa = PBXBuildFile; fileRef = 5DB2E3D72C57CF8C00E03552 /* p34.csv */; };
		5DB2E3DA2C57CF9500E03552 /* p35.csv in Resources */ = {isa = PBXBuildFile; fileRef = 5DB2E3D92C57CF9500E03552 /* p35.csv */; };
		5DB2E3DC2C57CF9E00E03552 /* p36.csv in Resources */ = {isa = PBXBuildFile; fileRef = 5DB2E3DB2C57CF9E00E03552 /* p36.csv */; };
		5DB2E3DF2C57CFAE00E03552 /* p37.csv in Resources */ = {isa = PBXBuildFile; fileRef = 5DB2E3DE2C57CFAE00E03552 /* p37.csv */; };
		5DB2E3E12C57CFB800E03552 /* p38.csv in Resources */ = {isa = PBXBuildFile; fileRef = 5DB2E3E02C57CFB800E03552 /* p38.csv */; };
		5DB2E3E32C57CFC200E03552 /* p39.csv in Resources */ = {isa = PBXBuildFile; fileRef = 5DB2E3E22C57CFC200E03552 /* p39.csv */; };
		5DB2E3E52C57CFCB00E03552 /* p40.csv in Resources */ = {isa = PBXBuildFile; fileRef = 5DB2E3E42C57CFCB00E03552 /* p40.csv */; };
		5DB2E3E72C581B9B00E03552 /* SpeechManager.swift in Sources */ = {isa = PBXBuildFile; fileRef = 5DB2E3E62C581B9B00E03552 /* SpeechManager.swift */; };
		5DB2E3E92C58242200E03552 /* SpeechAdjustView.swift in Sources */ = {isa = PBXBuildFile; fileRef = 5DB2E3E82C58242200E03552 /* SpeechAdjustView.swift */; };
		5DB2E3EC2C58477700E03552 /* FloatSlider.swift in Sources */ = {isa = PBXBuildFile; fileRef = 5DB2E3EB2C58477700E03552 /* FloatSlider.swift */; };
		5DB2E3F02C58552600E03552 /* PercentObservableObject.swift in Sources */ = {isa = PBXBuildFile; fileRef = 5DB2E3EF2C58552600E03552 /* PercentObservableObject.swift */; };
		5DD8140C2C5691E1002AC1BC /* p5.csv in Resources */ = {isa = PBXBuildFile; fileRef = 5DD8140B2C5691E1002AC1BC /* p5.csv */; };
		5DD8140E2C56C14F002AC1BC /* p6.csv in Resources */ = {isa = PBXBuildFile; fileRef = 5DD8140D2C56C14F002AC1BC /* p6.csv */; };
		5DD814102C56C3D8002AC1BC /* p7.csv in Resources */ = {isa = PBXBuildFile; fileRef = 5DD8140F2C56C3D8002AC1BC /* p7.csv */; };
		5DD814122C56C5F0002AC1BC /* p8.csv in Resources */ = {isa = PBXBuildFile; fileRef = 5DD814112C56C5F0002AC1BC /* p8.csv */; };
		5DD814142C56C835002AC1BC /* p9.csv in Resources */ = {isa = PBXBuildFile; fileRef = 5DD814132C56C835002AC1BC /* p9.csv */; };
		5DD814162C56CB54002AC1BC /* p10.csv in Resources */ = {isa = PBXBuildFile; fileRef = 5DD814152C56CB54002AC1BC /* p10.csv */; };
		5DD814182C56CDF2002AC1BC /* p11.csv in Resources */ = {isa = PBXBuildFile; fileRef = 5DD814172C56CDF2002AC1BC /* p11.csv */; };
		5DD8141A2C56CFD6002AC1BC /* p12.csv in Resources */ = {isa = PBXBuildFile; fileRef = 5DD814192C56CFD6002AC1BC /* p12.csv */; };
		5DD8141D2C56D11A002AC1BC /* p13.csv in Resources */ = {isa = PBXBuildFile; fileRef = 5DD8141C2C56D11A002AC1BC /* p13.csv */; };
		5DD8141F2C56D3B6002AC1BC /* p14.csv in Resources */ = {isa = PBXBuildFile; fileRef = 5DD8141E2C56D3B6002AC1BC /* p14.csv */; };
		5DD814212C56D69E002AC1BC /* p15.csv in Resources */ = {isa = PBXBuildFile; fileRef = 5DD814202C56D69E002AC1BC /* p15.csv */; };
		5DD814232C56D86E002AC1BC /* p16.csv in Resources */ = {isa = PBXBuildFile; fileRef = 5DD814222C56D86E002AC1BC /* p16.csv */; };
		5DD814252C570052002AC1BC /* p17.csv in Resources */ = {isa = PBXBuildFile; fileRef = 5DD814242C570052002AC1BC /* p17.csv */; };
		5DD814272C5701EB002AC1BC /* p18.csv in Resources */ = {isa = PBXBuildFile; fileRef = 5DD814262C5701EB002AC1BC /* p18.csv */; };
		5DD814292C570237002AC1BC /* p19.csv in Resources */ = {isa = PBXBuildFile; fileRef = 5DD814282C570237002AC1BC /* p19.csv */; };
		5DD8142B2C570539002AC1BC /* p20.csv in Resources */ = {isa = PBXBuildFile; fileRef = 5DD8142A2C570539002AC1BC /* p20.csv */; };
		5DD8142D2C570D54002AC1BC /* p21.csv in Resources */ = {isa = PBXBuildFile; fileRef = 5DD8142C2C570D54002AC1BC /* p21.csv */; };
/* End PBXBuildFile section */

/* Begin PBXContainerItemProxy section */
		5D1296E22C55B05E00A9D40D /* PBXContainerItemProxy */ = {
			isa = PBXContainerItemProxy;
			containerPortal = 5D1296C72C55B05B00A9D40D /* Project object */;
			proxyType = 1;
			remoteGlobalIDString = 5D1296CE2C55B05B00A9D40D;
			remoteInfo = "Oxford Picture Dictionary";
		};
		5D1296EC2C55B05E00A9D40D /* PBXContainerItemProxy */ = {
			isa = PBXContainerItemProxy;
			containerPortal = 5D1296C72C55B05B00A9D40D /* Project object */;
			proxyType = 1;
			remoteGlobalIDString = 5D1296CE2C55B05B00A9D40D;
			remoteInfo = "Oxford Picture Dictionary";
		};
/* End PBXContainerItemProxy section */

/* Begin PBXFileReference section */
		5D1296CF2C55B05B00A9D40D /* Oxford Picture Dictionary.app */ = {isa = PBXFileReference; explicitFileType = wrapper.application; includeInIndex = 0; path = "Oxford Picture Dictionary.app"; sourceTree = BUILT_PRODUCTS_DIR; };
		5D1296D22C55B05B00A9D40D /* Oxford_Picture_DictionaryApp.swift */ = {isa = PBXFileReference; lastKnownFileType = sourcecode.swift; path = Oxford_Picture_DictionaryApp.swift; sourceTree = "<group>"; };
		5D1296D42C55B05B00A9D40D /* ContentView.swift */ = {isa = PBXFileReference; lastKnownFileType = sourcecode.swift; path = ContentView.swift; sourceTree = "<group>"; };
		5D1296D82C55B05D00A9D40D /* Assets.xcassets */ = {isa = PBXFileReference; lastKnownFileType = folder.assetcatalog; path = Assets.xcassets; sourceTree = "<group>"; };
		5D1296DB2C55B05D00A9D40D /* Preview Assets.xcassets */ = {isa = PBXFileReference; lastKnownFileType = folder.assetcatalog; path = "Preview Assets.xcassets"; sourceTree = "<group>"; };
		5D1296E12C55B05E00A9D40D /* Oxford Picture DictionaryTests.xctest */ = {isa = PBXFileReference; explicitFileType = wrapper.cfbundle; includeInIndex = 0; path = "Oxford Picture DictionaryTests.xctest"; sourceTree = BUILT_PRODUCTS_DIR; };
		5D1296E52C55B05E00A9D40D /* Oxford_Picture_DictionaryTests.swift */ = {isa = PBXFileReference; lastKnownFileType = sourcecode.swift; path = Oxford_Picture_DictionaryTests.swift; sourceTree = "<group>"; };
		5D1296EB2C55B05E00A9D40D /* Oxford Picture DictionaryUITests.xctest */ = {isa = PBXFileReference; explicitFileType = wrapper.cfbundle; includeInIndex = 0; path = "Oxford Picture DictionaryUITests.xctest"; sourceTree = BUILT_PRODUCTS_DIR; };
		5D1296EF2C55B05E00A9D40D /* Oxford_Picture_DictionaryUITests.swift */ = {isa = PBXFileReference; lastKnownFileType = sourcecode.swift; path = Oxford_Picture_DictionaryUITests.swift; sourceTree = "<group>"; };
		5D1296F12C55B05E00A9D40D /* Oxford_Picture_DictionaryUITestsLaunchTests.swift */ = {isa = PBXFileReference; lastKnownFileType = sourcecode.swift; path = Oxford_Picture_DictionaryUITestsLaunchTests.swift; sourceTree = "<group>"; };
		5D1296FE2C55B2F700A9D40D /* Bubble.swift */ = {isa = PBXFileReference; lastKnownFileType = sourcecode.swift; path = Bubble.swift; sourceTree = "<group>"; };
		5D1297002C55B39700A9D40D /* BubbleImageView.swift */ = {isa = PBXFileReference; lastKnownFileType = sourcecode.swift; path = BubbleImageView.swift; sourceTree = "<group>"; };
		5D1297042C55BCC400A9D40D /* DragBubbleImageView.swift */ = {isa = PBXFileReference; lastKnownFileType = sourcecode.swift; path = DragBubbleImageView.swift; sourceTree = "<group>"; };
		5D12970B2C55C3D100A9D40D /* p2.csv */ = {isa = PBXFileReference; lastKnownFileType = text; path = p2.csv; sourceTree = "<group>"; };
		5D12970D2C55CFB300A9D40D /* p3.csv */ = {isa = PBXFileReference; lastKnownFileType = text; path = p3.csv; sourceTree = "<group>"; };
		5D12970F2C55ED4400A9D40D /* p4.csv */ = {isa = PBXFileReference; lastKnownFileType = text; path = p4.csv; sourceTree = "<group>"; };
		5D440DEB2C5A9E90000774C1 /* p67.csv */ = {isa = PBXFileReference; fileEncoding = 4; lastKnownFileType = text; path = p67.csv; sourceTree = "<group>"; };
		5D440DEC2C5A9E90000774C1 /* p81.csv */ = {isa = PBXFileReference; fileEncoding = 4; lastKnownFileType = text; path = p81.csv; sourceTree = "<group>"; };
		5D440DED2C5A9E90000774C1 /* p55.csv */ = {isa = PBXFileReference; fileEncoding = 4; lastKnownFileType = text; path = p55.csv; sourceTree = "<group>"; };
		5D440DEE2C5A9E90000774C1 /* p103.csv */ = {isa = PBXFileReference; fileEncoding = 4; lastKnownFileType = text; path = p103.csv; sourceTree = "<group>"; };
		5D440DEF2C5A9E90000774C1 /* p80.csv */ = {isa = PBXFileReference; fileEncoding = 4; lastKnownFileType = text; path = p80.csv; sourceTree = "<group>"; };
		5D440DF02C5A9E90000774C1 /* p77.csv */ = {isa = PBXFileReference; fileEncoding = 4; lastKnownFileType = text; path = p77.csv; sourceTree = "<group>"; };
		5D440DF12C5A9E90000774C1 /* p43.csv */ = {isa = PBXFileReference; fileEncoding = 4; lastKnownFileType = text; path = p43.csv; sourceTree = "<group>"; };
		5D440DF22C5A9E90000774C1 /* p87.csv */ = {isa = PBXFileReference; fileEncoding = 4; lastKnownFileType = text; path = p87.csv; sourceTree = "<group>"; };
		5D440DF32C5A9E90000774C1 /* p42.csv */ = {isa = PBXFileReference; fileEncoding = 4; lastKnownFileType = text; path = p42.csv; sourceTree = "<group>"; };
		5D440DF42C5A9E90000774C1 /* p53.csv */ = {isa = PBXFileReference; fileEncoding = 4; lastKnownFileType = text; path = p53.csv; sourceTree = "<group>"; };
		5D440DF62C5A9E90000774C1 /* p45.csv */ = {isa = PBXFileReference; fileEncoding = 4; lastKnownFileType = text; path = p45.csv; sourceTree = "<group>"; };
		5D440DF72C5A9E90000774C1 /* p89.csv */ = {isa = PBXFileReference; fileEncoding = 4; lastKnownFileType = text; path = p89.csv; sourceTree = "<group>"; };
		5D440DF82C5A9E90000774C1 /* p61.csv */ = {isa = PBXFileReference; fileEncoding = 4; lastKnownFileType = text; path = p61.csv; sourceTree = "<group>"; };
		5D440DF92C5A9E90000774C1 /* p46.csv */ = {isa = PBXFileReference; fileEncoding = 4; lastKnownFileType = text; path = p46.csv; sourceTree = "<group>"; };
		5D440DFA2C5A9E90000774C1 /* p60.csv */ = {isa = PBXFileReference; fileEncoding = 4; lastKnownFileType = text; path = p60.csv; sourceTree = "<group>"; };
		5D440DFC2C5A9E90000774C1 /* p66.csv */ = {isa = PBXFileReference; fileEncoding = 4; lastKnownFileType = text; path = p66.csv; sourceTree = "<group>"; };
		5D440DFE2C5A9E90000774C1 /* p47.csv */ = {isa = PBXFileReference; fileEncoding = 4; lastKnownFileType = text; path = p47.csv; sourceTree = "<group>"; };
		5D440DFF2C5A9E90000774C1 /* p52.csv */ = {isa = PBXFileReference; fileEncoding = 4; lastKnownFileType = text; path = p52.csv; sourceTree = "<group>"; };
		5D440E002C5A9E90000774C1 /* p62.csv */ = {isa = PBXFileReference; fileEncoding = 4; lastKnownFileType = text; path = p62.csv; sourceTree = "<group>"; };
		5D440E012C5A9E90000774C1 /* p56.csv */ = {isa = PBXFileReference; fileEncoding = 4; lastKnownFileType = text; path = p56.csv; sourceTree = "<group>"; };
		5D440E022C5A9E90000774C1 /* p83.csv */ = {isa = PBXFileReference; fileEncoding = 4; lastKnownFileType = text; path = p83.csv; sourceTree = "<group>"; };
		5D440E032C5A9E90000774C1 /* p57.csv */ = {isa = PBXFileReference; fileEncoding = 4; lastKnownFileType = text; path = p57.csv; sourceTree = "<group>"; };
		5D440E052C5A9E90000774C1 /* p74.csv */ = {isa = PBXFileReference; fileEncoding = 4; lastKnownFileType = text; path = p74.csv; sourceTree = "<group>"; };
		5D440E062C5A9E90000774C1 /* p69.csv */ = {isa = PBXFileReference; fileEncoding = 4; lastKnownFileType = text; path = p69.csv; sourceTree = "<group>"; };
		5D440E072C5A9E90000774C1 /* p49.csv */ = {isa = PBXFileReference; fileEncoding = 4; lastKnownFileType = text; path = p49.csv; sourceTree = "<group>"; };
		5D440E092C5A9E90000774C1 /* p63.csv */ = {isa = PBXFileReference; fileEncoding = 4; lastKnownFileType = text; path = p63.csv; sourceTree = "<group>"; };
		5D440E0A2C5A9E90000774C1 /* p97.csv */ = {isa = PBXFileReference; fileEncoding = 4; lastKnownFileType = text; path = p97.csv; sourceTree = "<group>"; };
		5D440E0B2C5A9E90000774C1 /* p90.csv */ = {isa = PBXFileReference; fileEncoding = 4; lastKnownFileType = text; path = p90.csv; sourceTree = "<group>"; };
		5D440E0C2C5A9E90000774C1 /* p41.csv */ = {isa = PBXFileReference; fileEncoding = 4; lastKnownFileType = text; path = p41.csv; sourceTree = "<group>"; };
		5D440E0D2C5A9E90000774C1 /* p88.csv */ = {isa = PBXFileReference; fileEncoding = 4; lastKnownFileType = text; path = p88.csv; sourceTree = "<group>"; };
		5D440E0E2C5A9E90000774C1 /* p50.csv */ = {isa = PBXFileReference; fileEncoding = 4; lastKnownFileType = text; path = p50.csv; sourceTree = "<group>"; };
		5D440E0F2C5A9E91000774C1 /* p70.csv */ = {isa = PBXFileReference; fileEncoding = 4; lastKnownFileType = text; path = p70.csv; sourceTree = "<group>"; };
		5D440E102C5A9E91000774C1 /* p78.csv */ = {isa = PBXFileReference; fileEncoding = 4; lastKnownFileType = text; path = p78.csv; sourceTree = "<group>"; };
		5D440E112C5A9E91000774C1 /* p82.csv */ = {isa = PBXFileReference; fileEncoding = 4; lastKnownFileType = text; path = p82.csv; sourceTree = "<group>"; };
		5D440E122C5A9E91000774C1 /* p54.csv */ = {isa = PBXFileReference; fileEncoding = 4; lastKnownFileType = text; path = p54.csv; sourceTree = "<group>"; };
		5D440E132C5A9E91000774C1 /* p72.csv */ = {isa = PBXFileReference; fileEncoding = 4; lastKnownFileType = text; path = p72.csv; sourceTree = "<group>"; };
		5D440E142C5A9E91000774C1 /* p65.csv */ = {isa = PBXFileReference; fileEncoding = 4; lastKnownFileType = text; path = p65.csv; sourceTree = "<group>"; };
		5D440E152C5A9E91000774C1 /* p51.csv */ = {isa = PBXFileReference; fileEncoding = 4; lastKnownFileType = text; path = p51.csv; sourceTree = "<group>"; };
		5D440E162C5A9E91000774C1 /* p92.csv */ = {isa = PBXFileReference; fileEncoding = 4; lastKnownFileType = text; path = p92.csv; sourceTree = "<group>"; };
		5D440E182C5A9E91000774C1 /* p101.csv */ = {isa = PBXFileReference; fileEncoding = 4; lastKnownFileType = text; path = p101.csv; sourceTree = "<group>"; };
		5D440E192C5A9E91000774C1 /* p94.csv */ = {isa = PBXFileReference; fileEncoding = 4; lastKnownFileType = text; path = p94.csv; sourceTree = "<group>"; };
		5D440E1A2C5A9E91000774C1 /* p86.csv */ = {isa = PBXFileReference; fileEncoding = 4; lastKnownFileType = text; path = p86.csv; sourceTree = "<group>"; };
		5D440E1B2C5A9E91000774C1 /* p64.csv */ = {isa = PBXFileReference; fileEncoding = 4; lastKnownFileType = text; path = p64.csv; sourceTree = "<group>"; };
		5D440E1C2C5A9E91000774C1 /* p71.csv */ = {isa = PBXFileReference; fileEncoding = 4; lastKnownFileType = text; path = p71.csv; sourceTree = "<group>"; };
		5D440E1D2C5A9E91000774C1 /* p102.csv */ = {isa = PBXFileReference; fileEncoding = 4; lastKnownFileType = text; path = p102.csv; sourceTree = "<group>"; };
		5D440E1E2C5A9E91000774C1 /* p44.csv */ = {isa = PBXFileReference; fileEncoding = 4; lastKnownFileType = text; path = p44.csv; sourceTree = "<group>"; };
		5D440E1F2C5A9E91000774C1 /* p75.csv */ = {isa = PBXFileReference; fileEncoding = 4; lastKnownFileType = text; path = p75.csv; sourceTree = "<group>"; };
		5D440E202C5A9E91000774C1 /* p59.csv */ = {isa = PBXFileReference; fileEncoding = 4; lastKnownFileType = text; path = p59.csv; sourceTree = "<group>"; };
		5D440E212C5A9E91000774C1 /* p76.csv */ = {isa = PBXFileReference; fileEncoding = 4; lastKnownFileType = text; path = p76.csv; sourceTree = "<group>"; };
		5D440E222C5A9E91000774C1 /* p68.csv */ = {isa = PBXFileReference; fileEncoding = 4; lastKnownFileType = text; path = p68.csv; sourceTree = "<group>"; };
		5D440E232C5A9E91000774C1 /* p91.csv */ = {isa = PBXFileReference; fileEncoding = 4; lastKnownFileType = text; path = p91.csv; sourceTree = "<group>"; };
		5D440E242C5A9E91000774C1 /* p95.csv */ = {isa = PBXFileReference; fileEncoding = 4; lastKnownFileType = text; path = p95.csv; sourceTree = "<group>"; };
		5D440E252C5A9E91000774C1 /* p96.csv */ = {isa = PBXFileReference; fileEncoding = 4; lastKnownFileType = text; path = p96.csv; sourceTree = "<group>"; };
		5D440E262C5A9E91000774C1 /* p73.csv */ = {isa = PBXFileReference; fileEncoding = 4; lastKnownFileType = text; path = p73.csv; sourceTree = "<group>"; };
		5D440E272C5A9E91000774C1 /* p84.csv */ = {isa = PBXFileReference; fileEncoding = 4; lastKnownFileType = text; path = p84.csv; sourceTree = "<group>"; };
		5D440E282C5A9E91000774C1 /* p85.csv */ = {isa = PBXFileReference; fileEncoding = 4; lastKnownFileType = text; path = p85.csv; sourceTree = "<group>"; };
		5D440E292C5A9E91000774C1 /* p58.csv */ = {isa = PBXFileReference; fileEncoding = 4; lastKnownFileType = text; path = p58.csv; sourceTree = "<group>"; };
		5D440E2A2C5A9E91000774C1 /* p99.csv */ = {isa = PBXFileReference; fileEncoding = 4; lastKnownFileType = text; path = p99.csv; sourceTree = "<group>"; };
		5D440E2B2C5A9E91000774C1 /* p79.csv */ = {isa = PBXFileReference; fileEncoding = 4; lastKnownFileType = text; path = p79.csv; sourceTree = "<group>"; };
		5D440E2C2C5A9E91000774C1 /* p93.csv */ = {isa = PBXFileReference; fileEncoding = 4; lastKnownFileType = text; path = p93.csv; sourceTree = "<group>"; };
		5D440E2D2C5A9E91000774C1 /* p98.csv */ = {isa = PBXFileReference; fileEncoding = 4; lastKnownFileType = text; path = p98.csv; sourceTree = "<group>"; };
		5D440E2E2C5A9E91000774C1 /* p48.csv */ = {isa = PBXFileReference; fileEncoding = 4; lastKnownFileType = text; path = p48.csv; sourceTree = "<group>"; };
		5D440E2F2C5A9E91000774C1 /* p100.csv */ = {isa = PBXFileReference; fileEncoding = 4; lastKnownFileType = text; path = p100.csv; sourceTree = "<group>"; };
		5DAF8EBA2C62ADA200B41F0A /* Constants.swift */ = {isa = PBXFileReference; lastKnownFileType = sourcecode.swift; path = Constants.swift; sourceTree = "<group>"; };
		5DAF8EBC2C62ADB000B41F0A /* UserDefaultsUtils.swift */ = {isa = PBXFileReference; lastKnownFileType = sourcecode.swift; path = UserDefaultsUtils.swift; sourceTree = "<group>"; };
		5DAF8EBF2C62ADE200B41F0A /* Color.swift */ = {isa = PBXFileReference; lastKnownFileType = sourcecode.swift; path = Color.swift; sourceTree = "<group>"; };
		5DB2E3BF2C57CEDE00E03552 /* p22.csv */ = {isa = PBXFileReference; lastKnownFileType = text; path = p22.csv; sourceTree = "<group>"; };
		5DB2E3C12C57CEE800E03552 /* p23.csv */ = {isa = PBXFileReference; lastKnownFileType = text; path = p23.csv; sourceTree = "<group>"; };
		5DB2E3C32C57CEF200E03552 /* p24.csv */ = {isa = PBXFileReference; lastKnownFileType = text; path = p24.csv; sourceTree = "<group>"; };
		5DB2E3C52C57CEFF00E03552 /* p25.csv */ = {isa = PBXFileReference; lastKnownFileType = text; path = p25.csv; sourceTree = "<group>"; };
		5DB2E3C72C57CF0A00E03552 /* p26.csv */ = {isa = PBXFileReference; lastKnownFileType = text; path = p26.csv; sourceTree = "<group>"; };
		5DB2E3C92C57CF1700E03552 /* p27.csv */ = {isa = PBXFileReference; lastKnownFileType = text; path = p27.csv; sourceTree = "<group>"; };
		5DB2E3CB2C57CF2600E03552 /* p28.csv */ = {isa = PBXFileReference; lastKnownFileType = text; path = p28.csv; sourceTree = "<group>"; };
		5DB2E3CD2C57CF3000E03552 /* p29.csv */ = {isa = PBXFileReference; lastKnownFileType = text; path = p29.csv; sourceTree = "<group>"; };
		5DB2E3CF2C57CF3B00E03552 /* p30.csv */ = {isa = PBXFileReference; lastKnownFileType = text; path = p30.csv; sourceTree = "<group>"; };
		5DB2E3D12C57CF7100E03552 /* p31.csv */ = {isa = PBXFileReference; lastKnownFileType = text; path = p31.csv; sourceTree = "<group>"; };
		5DB2E3D32C57CF7A00E03552 /* p32.csv */ = {isa = PBXFileReference; lastKnownFileType = text; path = p32.csv; sourceTree = "<group>"; };
		5DB2E3D52C57CF8400E03552 /* p33.csv */ = {isa = PBXFileReference; lastKnownFileType = text; path = p33.csv; sourceTree = "<group>"; };
		5DB2E3D72C57CF8C00E03552 /* p34.csv */ = {isa = PBXFileReference; lastKnownFileType = text; path = p34.csv; sourceTree = "<group>"; };
		5DB2E3D92C57CF9500E03552 /* p35.csv */ = {isa = PBXFileReference; lastKnownFileType = text; path = p35.csv; sourceTree = "<group>"; };
		5DB2E3DB2C57CF9E00E03552 /* p36.csv */ = {isa = PBXFileReference; lastKnownFileType = text; path = p36.csv; sourceTree = "<group>"; };
		5DB2E3DE2C57CFAE00E03552 /* p37.csv */ = {isa = PBXFileReference; lastKnownFileType = text; path = p37.csv; sourceTree = "<group>"; };
		5DB2E3E02C57CFB800E03552 /* p38.csv */ = {isa = PBXFileReference; lastKnownFileType = text; path = p38.csv; sourceTree = "<group>"; };
		5DB2E3E22C57CFC200E03552 /* p39.csv */ = {isa = PBXFileReference; lastKnownFileType = text; path = p39.csv; sourceTree = "<group>"; };
		5DB2E3E42C57CFCB00E03552 /* p40.csv */ = {isa = PBXFileReference; lastKnownFileType = text; path = p40.csv; sourceTree = "<group>"; };
		5DB2E3E62C581B9B00E03552 /* SpeechManager.swift */ = {isa = PBXFileReference; lastKnownFileType = sourcecode.swift; path = SpeechManager.swift; sourceTree = "<group>"; };
		5DB2E3E82C58242200E03552 /* SpeechAdjustView.swift */ = {isa = PBXFileReference; lastKnownFileType = sourcecode.swift; path = SpeechAdjustView.swift; sourceTree = "<group>"; };
		5DB2E3EB2C58477700E03552 /* FloatSlider.swift */ = {isa = PBXFileReference; lastKnownFileType = sourcecode.swift; path = FloatSlider.swift; sourceTree = "<group>"; };
		5DB2E3EF2C58552600E03552 /* PercentObservableObject.swift */ = {isa = PBXFileReference; lastKnownFileType = sourcecode.swift; path = PercentObservableObject.swift; sourceTree = "<group>"; };
		5DD8140B2C5691E1002AC1BC /* p5.csv */ = {isa = PBXFileReference; lastKnownFileType = text; path = p5.csv; sourceTree = "<group>"; };
		5DD8140D2C56C14F002AC1BC /* p6.csv */ = {isa = PBXFileReference; lastKnownFileType = text; path = p6.csv; sourceTree = "<group>"; };
		5DD8140F2C56C3D8002AC1BC /* p7.csv */ = {isa = PBXFileReference; lastKnownFileType = text; path = p7.csv; sourceTree = "<group>"; };
		5DD814112C56C5F0002AC1BC /* p8.csv */ = {isa = PBXFileReference; lastKnownFileType = text; path = p8.csv; sourceTree = "<group>"; };
		5DD814132C56C835002AC1BC /* p9.csv */ = {isa = PBXFileReference; lastKnownFileType = text; path = p9.csv; sourceTree = "<group>"; };
		5DD814152C56CB54002AC1BC /* p10.csv */ = {isa = PBXFileReference; lastKnownFileType = text; path = p10.csv; sourceTree = "<group>"; };
		5DD814172C56CDF2002AC1BC /* p11.csv */ = {isa = PBXFileReference; lastKnownFileType = text; path = p11.csv; sourceTree = "<group>"; };
		5DD814192C56CFD6002AC1BC /* p12.csv */ = {isa = PBXFileReference; lastKnownFileType = text; path = p12.csv; sourceTree = "<group>"; };
		5DD8141C2C56D11A002AC1BC /* p13.csv */ = {isa = PBXFileReference; lastKnownFileType = text; path = p13.csv; sourceTree = "<group>"; };
		5DD8141E2C56D3B6002AC1BC /* p14.csv */ = {isa = PBXFileReference; lastKnownFileType = text; path = p14.csv; sourceTree = "<group>"; };
		5DD814202C56D69E002AC1BC /* p15.csv */ = {isa = PBXFileReference; lastKnownFileType = text; path = p15.csv; sourceTree = "<group>"; };
		5DD814222C56D86E002AC1BC /* p16.csv */ = {isa = PBXFileReference; lastKnownFileType = text; path = p16.csv; sourceTree = "<group>"; };
		5DD814242C570052002AC1BC /* p17.csv */ = {isa = PBXFileReference; lastKnownFileType = text; path = p17.csv; sourceTree = "<group>"; };
		5DD814262C5701EB002AC1BC /* p18.csv */ = {isa = PBXFileReference; lastKnownFileType = text; path = p18.csv; sourceTree = "<group>"; };
		5DD814282C570237002AC1BC /* p19.csv */ = {isa = PBXFileReference; lastKnownFileType = text; path = p19.csv; sourceTree = "<group>"; };
		5DD8142A2C570539002AC1BC /* p20.csv */ = {isa = PBXFileReference; lastKnownFileType = text; path = p20.csv; sourceTree = "<group>"; };
		5DD8142C2C570D54002AC1BC /* p21.csv */ = {isa = PBXFileReference; lastKnownFileType = text; path = p21.csv; sourceTree = "<group>"; };
/* End PBXFileReference section */

/* Begin PBXFrameworksBuildPhase section */
		5D1296CC2C55B05B00A9D40D /* Frameworks */ = {
			isa = PBXFrameworksBuildPhase;
			buildActionMask = 2147483647;
			files = (
			);
			runOnlyForDeploymentPostprocessing = 0;
		};
		5D1296DE2C55B05E00A9D40D /* Frameworks */ = {
			isa = PBXFrameworksBuildPhase;
			buildActionMask = 2147483647;
			files = (
			);
			runOnlyForDeploymentPostprocessing = 0;
		};
		5D1296E82C55B05E00A9D40D /* Frameworks */ = {
			isa = PBXFrameworksBuildPhase;
			buildActionMask = 2147483647;
			files = (
			);
			runOnlyForDeploymentPostprocessing = 0;
		};
/* End PBXFrameworksBuildPhase section */

/* Begin PBXGroup section */
		5D1296C62C55B05B00A9D40D = {
			isa = PBXGroup;
			children = (
				5D1296D12C55B05B00A9D40D /* Oxford Picture Dictionary */,
				5D1296E42C55B05E00A9D40D /* Oxford Picture DictionaryTests */,
				5D1296EE2C55B05E00A9D40D /* Oxford Picture DictionaryUITests */,
				5D1296D02C55B05B00A9D40D /* Products */,
			);
			sourceTree = "<group>";
		};
		5D1296D02C55B05B00A9D40D /* Products */ = {
			isa = PBXGroup;
			children = (
				5D1296CF2C55B05B00A9D40D /* Oxford Picture Dictionary.app */,
				5D1296E12C55B05E00A9D40D /* Oxford Picture DictionaryTests.xctest */,
				5D1296EB2C55B05E00A9D40D /* Oxford Picture DictionaryUITests.xctest */,
			);
			name = Products;
			sourceTree = "<group>";
		};
		5D1296D12C55B05B00A9D40D /* Oxford Picture Dictionary */ = {
			isa = PBXGroup;
			children = (
				5D1296D82C55B05D00A9D40D /* Assets.xcassets */,
				5D1296D22C55B05B00A9D40D /* Oxford_Picture_DictionaryApp.swift */,
				5D1296D42C55B05B00A9D40D /* ContentView.swift */,
				5D1296FE2C55B2F700A9D40D /* Bubble.swift */,
				5D1297002C55B39700A9D40D /* BubbleImageView.swift */,
				5D1297042C55BCC400A9D40D /* DragBubbleImageView.swift */,
				5DB2E3E62C581B9B00E03552 /* SpeechManager.swift */,
				5DB2E3EF2C58552600E03552 /* PercentObservableObject.swift */,
				5DB2E3E82C58242200E03552 /* SpeechAdjustView.swift */,
				5DB2E3EA2C58475300E03552 /* components */,
				5DAF8EBE2C62ADD100B41F0A /* extensions */,
				5DAF8EB92C62AD9000B41F0A /* utils */,
				5D1296DA2C55B05D00A9D40D /* Preview Content */,
				5D1297062C55C32600A9D40D /* Words */,
			);
			path = "Oxford Picture Dictionary";
			sourceTree = "<group>";
		};
		5D1296DA2C55B05D00A9D40D /* Preview Content */ = {
			isa = PBXGroup;
			children = (
				5D1296DB2C55B05D00A9D40D /* Preview Assets.xcassets */,
			);
			path = "Preview Content";
			sourceTree = "<group>";
		};
		5D1296E42C55B05E00A9D40D /* Oxford Picture DictionaryTests */ = {
			isa = PBXGroup;
			children = (
				5D1296E52C55B05E00A9D40D /* Oxford_Picture_DictionaryTests.swift */,
			);
			path = "Oxford Picture DictionaryTests";
			sourceTree = "<group>";
		};
		5D1296EE2C55B05E00A9D40D /* Oxford Picture DictionaryUITests */ = {
			isa = PBXGroup;
			children = (
				5D1296EF2C55B05E00A9D40D /* Oxford_Picture_DictionaryUITests.swift */,
				5D1296F12C55B05E00A9D40D /* Oxford_Picture_DictionaryUITestsLaunchTests.swift */,
			);
			path = "Oxford Picture DictionaryUITests";
			sourceTree = "<group>";
		};
		5D1297062C55C32600A9D40D /* Words */ = {
			isa = PBXGroup;
			children = (
				5D12970B2C55C3D100A9D40D /* p2.csv */,
				5D12970D2C55CFB300A9D40D /* p3.csv */,
				5D12970F2C55ED4400A9D40D /* p4.csv */,
				5DD8140B2C5691E1002AC1BC /* p5.csv */,
				5DD8140D2C56C14F002AC1BC /* p6.csv */,
				5DD8140F2C56C3D8002AC1BC /* p7.csv */,
				5DD814112C56C5F0002AC1BC /* p8.csv */,
				5DD814132C56C835002AC1BC /* p9.csv */,
				5DD814152C56CB54002AC1BC /* p10.csv */,
				5DD814172C56CDF2002AC1BC /* p11.csv */,
				5DD814192C56CFD6002AC1BC /* p12.csv */,
				5DD8141C2C56D11A002AC1BC /* p13.csv */,
				5DD8141E2C56D3B6002AC1BC /* p14.csv */,
				5DD814202C56D69E002AC1BC /* p15.csv */,
				5DD814222C56D86E002AC1BC /* p16.csv */,
				5DD814242C570052002AC1BC /* p17.csv */,
				5DD814262C5701EB002AC1BC /* p18.csv */,
				5DD814282C570237002AC1BC /* p19.csv */,
				5DD8142A2C570539002AC1BC /* p20.csv */,
				5DD8142C2C570D54002AC1BC /* p21.csv */,
				5DB2E3BF2C57CEDE00E03552 /* p22.csv */,
				5DB2E3C12C57CEE800E03552 /* p23.csv */,
				5DB2E3C32C57CEF200E03552 /* p24.csv */,
				5DB2E3C52C57CEFF00E03552 /* p25.csv */,
				5DB2E3C72C57CF0A00E03552 /* p26.csv */,
				5DB2E3C92C57CF1700E03552 /* p27.csv */,
				5DB2E3CB2C57CF2600E03552 /* p28.csv */,
				5DB2E3CD2C57CF3000E03552 /* p29.csv */,
				5DB2E3CF2C57CF3B00E03552 /* p30.csv */,
				5DB2E3D12C57CF7100E03552 /* p31.csv */,
				5DB2E3D32C57CF7A00E03552 /* p32.csv */,
				5DB2E3D52C57CF8400E03552 /* p33.csv */,
				5DB2E3D72C57CF8C00E03552 /* p34.csv */,
				5DB2E3D92C57CF9500E03552 /* p35.csv */,
				5DB2E3DB2C57CF9E00E03552 /* p36.csv */,
				5DB2E3DE2C57CFAE00E03552 /* p37.csv */,
				5DB2E3E02C57CFB800E03552 /* p38.csv */,
				5DB2E3E22C57CFC200E03552 /* p39.csv */,
				5DB2E3E42C57CFCB00E03552 /* p40.csv */,
				5D440E0C2C5A9E90000774C1 /* p41.csv */,
				5D440DF32C5A9E90000774C1 /* p42.csv */,
				5D440DF12C5A9E90000774C1 /* p43.csv */,
				5D440E1E2C5A9E91000774C1 /* p44.csv */,
				5D440DF62C5A9E90000774C1 /* p45.csv */,
				5D440DF92C5A9E90000774C1 /* p46.csv */,
				5D440DFE2C5A9E90000774C1 /* p47.csv */,
				5D440E2E2C5A9E91000774C1 /* p48.csv */,
				5D440E072C5A9E90000774C1 /* p49.csv */,
				5D440E0E2C5A9E90000774C1 /* p50.csv */,
				5D440E152C5A9E91000774C1 /* p51.csv */,
				5D440DFF2C5A9E90000774C1 /* p52.csv */,
				5D440DF42C5A9E90000774C1 /* p53.csv */,
				5D440E122C5A9E91000774C1 /* p54.csv */,
				5D440DED2C5A9E90000774C1 /* p55.csv */,
				5D440E012C5A9E90000774C1 /* p56.csv */,
				5D440E032C5A9E90000774C1 /* p57.csv */,
				5D440E292C5A9E91000774C1 /* p58.csv */,
				5D440E202C5A9E91000774C1 /* p59.csv */,
				5D440DFA2C5A9E90000774C1 /* p60.csv */,
				5D440DF82C5A9E90000774C1 /* p61.csv */,
				5D440E002C5A9E90000774C1 /* p62.csv */,
				5D440E092C5A9E90000774C1 /* p63.csv */,
				5D440E1B2C5A9E91000774C1 /* p64.csv */,
				5D440E142C5A9E91000774C1 /* p65.csv */,
				5D440DFC2C5A9E90000774C1 /* p66.csv */,
				5D440DEB2C5A9E90000774C1 /* p67.csv */,
				5D440E222C5A9E91000774C1 /* p68.csv */,
				5D440E062C5A9E90000774C1 /* p69.csv */,
				5D440E0F2C5A9E91000774C1 /* p70.csv */,
				5D440E1C2C5A9E91000774C1 /* p71.csv */,
				5D440E132C5A9E91000774C1 /* p72.csv */,
				5D440E262C5A9E91000774C1 /* p73.csv */,
				5D440E052C5A9E90000774C1 /* p74.csv */,
				5D440E1F2C5A9E91000774C1 /* p75.csv */,
				5D440E212C5A9E91000774C1 /* p76.csv */,
				5D440DF02C5A9E90000774C1 /* p77.csv */,
				5D440E102C5A9E91000774C1 /* p78.csv */,
				5D440E2B2C5A9E91000774C1 /* p79.csv */,
				5D440DEF2C5A9E90000774C1 /* p80.csv */,
				5D440DEC2C5A9E90000774C1 /* p81.csv */,
				5D440E112C5A9E91000774C1 /* p82.csv */,
				5D440E022C5A9E90000774C1 /* p83.csv */,
				5D440E272C5A9E91000774C1 /* p84.csv */,
				5D440E282C5A9E91000774C1 /* p85.csv */,
				5D440E1A2C5A9E91000774C1 /* p86.csv */,
				5D440DF22C5A9E90000774C1 /* p87.csv */,
				5D440E0D2C5A9E90000774C1 /* p88.csv */,
				5D440DF72C5A9E90000774C1 /* p89.csv */,
				5D440E0B2C5A9E90000774C1 /* p90.csv */,
				5D440E232C5A9E91000774C1 /* p91.csv */,
				5D440E162C5A9E91000774C1 /* p92.csv */,
				5D440E2C2C5A9E91000774C1 /* p93.csv */,
				5D440E192C5A9E91000774C1 /* p94.csv */,
				5D440E242C5A9E91000774C1 /* p95.csv */,
				5D440E252C5A9E91000774C1 /* p96.csv */,
				5D440E0A2C5A9E90000774C1 /* p97.csv */,
				5D440E2D2C5A9E91000774C1 /* p98.csv */,
				5D440E2A2C5A9E91000774C1 /* p99.csv */,
				5D440E2F2C5A9E91000774C1 /* p100.csv */,
				5D440E182C5A9E91000774C1 /* p101.csv */,
				5D440E1D2C5A9E91000774C1 /* p102.csv */,
				5D440DEE2C5A9E90000774C1 /* p103.csv */,
			);
			path = Words;
			sourceTree = "<group>";
		};
		5DAF8EB92C62AD9000B41F0A /* utils */ = {
			isa = PBXGroup;
			children = (
				5DAF8EBA2C62ADA200B41F0A /* Constants.swift */,
				5DAF8EBC2C62ADB000B41F0A /* UserDefaultsUtils.swift */,
			);
			path = utils;
			sourceTree = "<group>";
		};
		5DAF8EBE2C62ADD100B41F0A /* extensions */ = {
			isa = PBXGroup;
			children = (
				5DAF8EBF2C62ADE200B41F0A /* Color.swift */,
			);
			path = extensions;
			sourceTree = "<group>";
		};
		5DB2E3EA2C58475300E03552 /* components */ = {
			isa = PBXGroup;
			children = (
				5DB2E3EB2C58477700E03552 /* FloatSlider.swift */,
			);
			path = components;
			sourceTree = "<group>";
		};
/* End PBXGroup section */

/* Begin PBXNativeTarget section */
		5D1296CE2C55B05B00A9D40D /* Oxford Picture Dictionary */ = {
			isa = PBXNativeTarget;
			buildConfigurationList = 5D1296F52C55B05E00A9D40D /* Build configuration list for PBXNativeTarget "Oxford Picture Dictionary" */;
			buildPhases = (
				5D1296CB2C55B05B00A9D40D /* Sources */,
				5D1296CC2C55B05B00A9D40D /* Frameworks */,
				5D1296CD2C55B05B00A9D40D /* Resources */,
			);
			buildRules = (
			);
			dependencies = (
			);
			name = "Oxford Picture Dictionary";
			productName = "Oxford Picture Dictionary";
			productReference = 5D1296CF2C55B05B00A9D40D /* Oxford Picture Dictionary.app */;
			productType = "com.apple.product-type.application";
		};
		5D1296E02C55B05E00A9D40D /* Oxford Picture DictionaryTests */ = {
			isa = PBXNativeTarget;
			buildConfigurationList = 5D1296F82C55B05E00A9D40D /* Build configuration list for PBXNativeTarget "Oxford Picture DictionaryTests" */;
			buildPhases = (
				5D1296DD2C55B05E00A9D40D /* Sources */,
				5D1296DE2C55B05E00A9D40D /* Frameworks */,
				5D1296DF2C55B05E00A9D40D /* Resources */,
			);
			buildRules = (
			);
			dependencies = (
				5D1296E32C55B05E00A9D40D /* PBXTargetDependency */,
			);
			name = "Oxford Picture DictionaryTests";
			productName = "Oxford Picture DictionaryTests";
			productReference = 5D1296E12C55B05E00A9D40D /* Oxford Picture DictionaryTests.xctest */;
			productType = "com.apple.product-type.bundle.unit-test";
		};
		5D1296EA2C55B05E00A9D40D /* Oxford Picture DictionaryUITests */ = {
			isa = PBXNativeTarget;
			buildConfigurationList = 5D1296FB2C55B05E00A9D40D /* Build configuration list for PBXNativeTarget "Oxford Picture DictionaryUITests" */;
			buildPhases = (
				5D1296E72C55B05E00A9D40D /* Sources */,
				5D1296E82C55B05E00A9D40D /* Frameworks */,
				5D1296E92C55B05E00A9D40D /* Resources */,
			);
			buildRules = (
			);
			dependencies = (
				5D1296ED2C55B05E00A9D40D /* PBXTargetDependency */,
			);
			name = "Oxford Picture DictionaryUITests";
			productName = "Oxford Picture DictionaryUITests";
			productReference = 5D1296EB2C55B05E00A9D40D /* Oxford Picture DictionaryUITests.xctest */;
			productType = "com.apple.product-type.bundle.ui-testing";
		};
/* End PBXNativeTarget section */

/* Begin PBXProject section */
		5D1296C72C55B05B00A9D40D /* Project object */ = {
			isa = PBXProject;
			attributes = {
				BuildIndependentTargetsInParallel = 1;
				LastSwiftUpdateCheck = 1520;
				LastUpgradeCheck = 1520;
				TargetAttributes = {
					5D1296CE2C55B05B00A9D40D = {
						CreatedOnToolsVersion = 15.2;
					};
					5D1296E02C55B05E00A9D40D = {
						CreatedOnToolsVersion = 15.2;
						TestTargetID = 5D1296CE2C55B05B00A9D40D;
					};
					5D1296EA2C55B05E00A9D40D = {
						CreatedOnToolsVersion = 15.2;
						TestTargetID = 5D1296CE2C55B05B00A9D40D;
					};
				};
			};
			buildConfigurationList = 5D1296CA2C55B05B00A9D40D /* Build configuration list for PBXProject "Oxford Picture Dictionary" */;
			compatibilityVersion = "Xcode 14.0";
			developmentRegion = en;
			hasScannedForEncodings = 0;
			knownRegions = (
				en,
				Base,
			);
			mainGroup = 5D1296C62C55B05B00A9D40D;
			productRefGroup = 5D1296D02C55B05B00A9D40D /* Products */;
			projectDirPath = "";
			projectRoot = "";
			targets = (
				5D1296CE2C55B05B00A9D40D /* Oxford Picture Dictionary */,
				5D1296E02C55B05E00A9D40D /* Oxford Picture DictionaryTests */,
				5D1296EA2C55B05E00A9D40D /* Oxford Picture DictionaryUITests */,
			);
		};
/* End PBXProject section */

/* Begin PBXResourcesBuildPhase section */
		5D1296CD2C55B05B00A9D40D /* Resources */ = {
			isa = PBXResourcesBuildPhase;
			buildActionMask = 2147483647;
			files = (
				5D440E312C5A9E91000774C1 /* p81.csv in Resources */,
				5D440E552C5A9E92000774C1 /* p78.csv in Resources */,
				5DB2E3E12C57CFB800E03552 /* p38.csv in Resources */,
				5D440E612C5A9E92000774C1 /* p71.csv in Resources */,
				5D440E722C5A9E92000774C1 /* p98.csv in Resources */,
				5D440E692C5A9E92000774C1 /* p95.csv in Resources */,
				5D440E352C5A9E91000774C1 /* p77.csv in Resources */,
				5DB2E3C62C57CEFF00E03552 /* p25.csv in Resources */,
				5DB2E3D82C57CF8C00E03552 /* p34.csv in Resources */,
				5DD8141F2C56D3B6002AC1BC /* p14.csv in Resources */,
				5D440E392C5A9E91000774C1 /* p53.csv in Resources */,
				5DD8141A2C56CFD6002AC1BC /* p12.csv in Resources */,
				5DB2E3D02C57CF3B00E03552 /* p30.csv in Resources */,
				5D440E322C5A9E91000774C1 /* p55.csv in Resources */,
				5DB2E3C82C57CF0A00E03552 /* p26.csv in Resources */,
				5D440E6B2C5A9E92000774C1 /* p73.csv in Resources */,
				5D440E5A2C5A9E92000774C1 /* p51.csv in Resources */,
				5D1297102C55ED4400A9D40D /* p4.csv in Resources */,
				5D440E6C2C5A9E92000774C1 /* p84.csv in Resources */,
				5D440E3B2C5A9E91000774C1 /* p45.csv in Resources */,
				5D440E382C5A9E91000774C1 /* p42.csv in Resources */,
				5D440E5D2C5A9E92000774C1 /* p101.csv in Resources */,
				5DD8142B2C570539002AC1BC /* p20.csv in Resources */,
				5D440E682C5A9E92000774C1 /* p91.csv in Resources */,
				5D440E4E2C5A9E92000774C1 /* p63.csv in Resources */,
				5D440E5B2C5A9E92000774C1 /* p92.csv in Resources */,
				5DD8140E2C56C14F002AC1BC /* p6.csv in Resources */,
				5D12970C2C55C3D100A9D40D /* p2.csv in Resources */,
				5DB2E3C22C57CEE800E03552 /* p23.csv in Resources */,
				5D440E3D2C5A9E91000774C1 /* p61.csv in Resources */,
				5D440E432C5A9E91000774C1 /* p47.csv in Resources */,
				5D440E662C5A9E92000774C1 /* p76.csv in Resources */,
				5D440E372C5A9E91000774C1 /* p87.csv in Resources */,
				5D440E4A2C5A9E92000774C1 /* p74.csv in Resources */,
				5DB2E3DF2C57CFAE00E03552 /* p37.csv in Resources */,
				5DD814182C56CDF2002AC1BC /* p11.csv in Resources */,
				5DB2E3CA2C57CF1700E03552 /* p27.csv in Resources */,
				5D440E532C5A9E92000774C1 /* p50.csv in Resources */,
				5D440E332C5A9E91000774C1 /* p103.csv in Resources */,
				5D440E462C5A9E92000774C1 /* p56.csv in Resources */,
				5DD814232C56D86E002AC1BC /* p16.csv in Resources */,
				5DD8142D2C570D54002AC1BC /* p21.csv in Resources */,
				5D440E622C5A9E92000774C1 /* p102.csv in Resources */,
				5DD8141D2C56D11A002AC1BC /* p13.csv in Resources */,
				5D440E302C5A9E91000774C1 /* p67.csv in Resources */,
				5D440E482C5A9E92000774C1 /* p57.csv in Resources */,
				5DD814212C56D69E002AC1BC /* p15.csv in Resources */,
				5D440E362C5A9E91000774C1 /* p43.csv in Resources */,
				5D440E412C5A9E91000774C1 /* p66.csv in Resources */,
				5D440E572C5A9E92000774C1 /* p54.csv in Resources */,
				5DB2E3DC2C57CF9E00E03552 /* p36.csv in Resources */,
				5D440E702C5A9E92000774C1 /* p79.csv in Resources */,
				5D440E562C5A9E92000774C1 /* p82.csv in Resources */,
				5D440E522C5A9E92000774C1 /* p88.csv in Resources */,
				5D440E672C5A9E92000774C1 /* p68.csv in Resources */,
				5DD814252C570052002AC1BC /* p17.csv in Resources */,
				5D440E642C5A9E92000774C1 /* p75.csv in Resources */,
				5DB2E3E32C57CFC200E03552 /* p39.csv in Resources */,
				5DB2E3C42C57CEF200E03552 /* p24.csv in Resources */,
				5DB2E3D42C57CF7A00E03552 /* p32.csv in Resources */,
				5DD814122C56C5F0002AC1BC /* p8.csv in Resources */,
				5DB2E3CE2C57CF3000E03552 /* p29.csv in Resources */,
				5DB2E3CC2C57CF2600E03552 /* p28.csv in Resources */,
				5DB2E3D22C57CF7100E03552 /* p31.csv in Resources */,
				5D440E582C5A9E92000774C1 /* p72.csv in Resources */,
				5DD814272C5701EB002AC1BC /* p18.csv in Resources */,
				5D440E732C5A9E92000774C1 /* p48.csv in Resources */,
				5D440E502C5A9E92000774C1 /* p90.csv in Resources */,
				5D440E6E2C5A9E92000774C1 /* p58.csv in Resources */,
				5D440E632C5A9E92000774C1 /* p44.csv in Resources */,
				5D440E5F2C5A9E92000774C1 /* p86.csv in Resources */,
				5DB2E3C02C57CEDE00E03552 /* p22.csv in Resources */,
				5D440E472C5A9E92000774C1 /* p83.csv in Resources */,
				5D12970E2C55CFB300A9D40D /* p3.csv in Resources */,
				5D440E3E2C5A9E91000774C1 /* p46.csv in Resources */,
				5DD814142C56C835002AC1BC /* p9.csv in Resources */,
				5D440E4C2C5A9E92000774C1 /* p49.csv in Resources */,
				5D440E652C5A9E92000774C1 /* p59.csv in Resources */,
				5D440E512C5A9E92000774C1 /* p41.csv in Resources */,
				5D440E542C5A9E92000774C1 /* p70.csv in Resources */,
				5DD8140C2C5691E1002AC1BC /* p5.csv in Resources */,
				5D440E5E2C5A9E92000774C1 /* p94.csv in Resources */,
				5D440E442C5A9E91000774C1 /* p52.csv in Resources */,
				5D440E452C5A9E91000774C1 /* p62.csv in Resources */,
				5DD814292C570237002AC1BC /* p19.csv in Resources */,
				5D440E602C5A9E92000774C1 /* p64.csv in Resources */,
				5DB2E3E52C57CFCB00E03552 /* p40.csv in Resources */,
				5D440E3F2C5A9E91000774C1 /* p60.csv in Resources */,
				5D440E712C5A9E92000774C1 /* p93.csv in Resources */,
				5D440E4B2C5A9E92000774C1 /* p69.csv in Resources */,
				5DB2E3D62C57CF8400E03552 /* p33.csv in Resources */,
				5D440E6D2C5A9E92000774C1 /* p85.csv in Resources */,
				5D440E742C5A9E92000774C1 /* p100.csv in Resources */,
				5D1296DC2C55B05D00A9D40D /* Preview Assets.xcassets in Resources */,
				5D440E592C5A9E92000774C1 /* p65.csv in Resources */,
				5D440E6A2C5A9E92000774C1 /* p96.csv in Resources */,
				5D440E3C2C5A9E91000774C1 /* p89.csv in Resources */,
				5D440E342C5A9E91000774C1 /* p80.csv in Resources */,
				5D440E6F2C5A9E92000774C1 /* p99.csv in Resources */,
				5D1296D92C55B05D00A9D40D /* Assets.xcassets in Resources */,
				5DB2E3DA2C57CF9500E03552 /* p35.csv in Resources */,
				5DD814162C56CB54002AC1BC /* p10.csv in Resources */,
				5DD814102C56C3D8002AC1BC /* p7.csv in Resources */,
				5D440E4F2C5A9E92000774C1 /* p97.csv in Resources */,
			);
			runOnlyForDeploymentPostprocessing = 0;
		};
		5D1296DF2C55B05E00A9D40D /* Resources */ = {
			isa = PBXResourcesBuildPhase;
			buildActionMask = 2147483647;
			files = (
			);
			runOnlyForDeploymentPostprocessing = 0;
		};
		5D1296E92C55B05E00A9D40D /* Resources */ = {
			isa = PBXResourcesBuildPhase;
			buildActionMask = 2147483647;
			files = (
			);
			runOnlyForDeploymentPostprocessing = 0;
		};
/* End PBXResourcesBuildPhase section */

/* Begin PBXSourcesBuildPhase section */
		5D1296CB2C55B05B00A9D40D /* Sources */ = {
			isa = PBXSourcesBuildPhase;
			buildActionMask = 2147483647;
			files = (
				5DB2E3E72C581B9B00E03552 /* SpeechManager.swift in Sources */,
				5D1296D52C55B05B00A9D40D /* ContentView.swift in Sources */,
				5DB2E3EC2C58477700E03552 /* FloatSlider.swift in Sources */,
				5D1297052C55BCC400A9D40D /* DragBubbleImageView.swift in Sources */,
				5D1296FF2C55B2F700A9D40D /* Bubble.swift in Sources */,
				5DAF8EC02C62ADE200B41F0A /* Color.swift in Sources */,
				5DAF8EBB2C62ADA200B41F0A /* Constants.swift in Sources */,
				5DB2E3E92C58242200E03552 /* SpeechAdjustView.swift in Sources */,
				5D1297012C55B39800A9D40D /* BubbleImageView.swift in Sources */,
				5DB2E3F02C58552600E03552 /* PercentObservableObject.swift in Sources */,
				5DAF8EBD2C62ADB000B41F0A /* UserDefaultsUtils.swift in Sources */,
				5D1296D32C55B05B00A9D40D /* Oxford_Picture_DictionaryApp.swift in Sources */,
			);
			runOnlyForDeploymentPostprocessing = 0;
		};
		5D1296DD2C55B05E00A9D40D /* Sources */ = {
			isa = PBXSourcesBuildPhase;
			buildActionMask = 2147483647;
			files = (
				5D1296E62C55B05E00A9D40D /* Oxford_Picture_DictionaryTests.swift in Sources */,
			);
			runOnlyForDeploymentPostprocessing = 0;
		};
		5D1296E72C55B05E00A9D40D /* Sources */ = {
			isa = PBXSourcesBuildPhase;
			buildActionMask = 2147483647;
			files = (
				5D1296F02C55B05E00A9D40D /* Oxford_Picture_DictionaryUITests.swift in Sources */,
				5D1296F22C55B05E00A9D40D /* Oxford_Picture_DictionaryUITestsLaunchTests.swift in Sources */,
			);
			runOnlyForDeploymentPostprocessing = 0;
		};
/* End PBXSourcesBuildPhase section */

/* Begin PBXTargetDependency section */
		5D1296E32C55B05E00A9D40D /* PBXTargetDependency */ = {
			isa = PBXTargetDependency;
			target = 5D1296CE2C55B05B00A9D40D /* Oxford Picture Dictionary */;
			targetProxy = 5D1296E22C55B05E00A9D40D /* PBXContainerItemProxy */;
		};
		5D1296ED2C55B05E00A9D40D /* PBXTargetDependency */ = {
			isa = PBXTargetDependency;
			target = 5D1296CE2C55B05B00A9D40D /* Oxford Picture Dictionary */;
			targetProxy = 5D1296EC2C55B05E00A9D40D /* PBXContainerItemProxy */;
		};
/* End PBXTargetDependency section */

/* Begin XCBuildConfiguration section */
		5D1296F32C55B05E00A9D40D /* Debug */ = {
			isa = XCBuildConfiguration;
			buildSettings = {
				ALWAYS_SEARCH_USER_PATHS = NO;
				ASSETCATALOG_COMPILER_GENERATE_SWIFT_ASSET_SYMBOL_EXTENSIONS = YES;
				CLANG_ANALYZER_NONNULL = YES;
				CLANG_ANALYZER_NUMBER_OBJECT_CONVERSION = YES_AGGRESSIVE;
				CLANG_CXX_LANGUAGE_STANDARD = "gnu++20";
				CLANG_ENABLE_MODULES = YES;
				CLANG_ENABLE_OBJC_ARC = YES;
				CLANG_ENABLE_OBJC_WEAK = YES;
				CLANG_WARN_BLOCK_CAPTURE_AUTORELEASING = YES;
				CLANG_WARN_BOOL_CONVERSION = YES;
				CLANG_WARN_COMMA = YES;
				CLANG_WARN_CONSTANT_CONVERSION = YES;
				CLANG_WARN_DEPRECATED_OBJC_IMPLEMENTATIONS = YES;
				CLANG_WARN_DIRECT_OBJC_ISA_USAGE = YES_ERROR;
				CLANG_WARN_DOCUMENTATION_COMMENTS = YES;
				CLANG_WARN_EMPTY_BODY = YES;
				CLANG_WARN_ENUM_CONVERSION = YES;
				CLANG_WARN_INFINITE_RECURSION = YES;
				CLANG_WARN_INT_CONVERSION = YES;
				CLANG_WARN_NON_LITERAL_NULL_CONVERSION = YES;
				CLANG_WARN_OBJC_IMPLICIT_RETAIN_SELF = YES;
				CLANG_WARN_OBJC_LITERAL_CONVERSION = YES;
				CLANG_WARN_OBJC_ROOT_CLASS = YES_ERROR;
				CLANG_WARN_QUOTED_INCLUDE_IN_FRAMEWORK_HEADER = YES;
				CLANG_WARN_RANGE_LOOP_ANALYSIS = YES;
				CLANG_WARN_STRICT_PROTOTYPES = YES;
				CLANG_WARN_SUSPICIOUS_MOVE = YES;
				CLANG_WARN_UNGUARDED_AVAILABILITY = YES_AGGRESSIVE;
				CLANG_WARN_UNREACHABLE_CODE = YES;
				CLANG_WARN__DUPLICATE_METHOD_MATCH = YES;
				COPY_PHASE_STRIP = NO;
				DEBUG_INFORMATION_FORMAT = dwarf;
				ENABLE_STRICT_OBJC_MSGSEND = YES;
				ENABLE_TESTABILITY = YES;
				ENABLE_USER_SCRIPT_SANDBOXING = YES;
				GCC_C_LANGUAGE_STANDARD = gnu17;
				GCC_DYNAMIC_NO_PIC = NO;
				GCC_NO_COMMON_BLOCKS = YES;
				GCC_OPTIMIZATION_LEVEL = 0;
				GCC_PREPROCESSOR_DEFINITIONS = (
					"DEBUG=1",
					"$(inherited)",
				);
				GCC_WARN_64_TO_32_BIT_CONVERSION = YES;
				GCC_WARN_ABOUT_RETURN_TYPE = YES_ERROR;
				GCC_WARN_UNDECLARED_SELECTOR = YES;
				GCC_WARN_UNINITIALIZED_AUTOS = YES_AGGRESSIVE;
				GCC_WARN_UNUSED_FUNCTION = YES;
				GCC_WARN_UNUSED_VARIABLE = YES;
				IPHONEOS_DEPLOYMENT_TARGET = 17.2;
				LOCALIZATION_PREFERS_STRING_CATALOGS = YES;
				MTL_ENABLE_DEBUG_INFO = INCLUDE_SOURCE;
				MTL_FAST_MATH = YES;
				ONLY_ACTIVE_ARCH = YES;
				SDKROOT = iphoneos;
				SWIFT_ACTIVE_COMPILATION_CONDITIONS = "DEBUG $(inherited)";
				SWIFT_OPTIMIZATION_LEVEL = "-Onone";
			};
			name = Debug;
		};
		5D1296F42C55B05E00A9D40D /* Release */ = {
			isa = XCBuildConfiguration;
			buildSettings = {
				ALWAYS_SEARCH_USER_PATHS = NO;
				ASSETCATALOG_COMPILER_GENERATE_SWIFT_ASSET_SYMBOL_EXTENSIONS = YES;
				CLANG_ANALYZER_NONNULL = YES;
				CLANG_ANALYZER_NUMBER_OBJECT_CONVERSION = YES_AGGRESSIVE;
				CLANG_CXX_LANGUAGE_STANDARD = "gnu++20";
				CLANG_ENABLE_MODULES = YES;
				CLANG_ENABLE_OBJC_ARC = YES;
				CLANG_ENABLE_OBJC_WEAK = YES;
				CLANG_WARN_BLOCK_CAPTURE_AUTORELEASING = YES;
				CLANG_WARN_BOOL_CONVERSION = YES;
				CLANG_WARN_COMMA = YES;
				CLANG_WARN_CONSTANT_CONVERSION = YES;
				CLANG_WARN_DEPRECATED_OBJC_IMPLEMENTATIONS = YES;
				CLANG_WARN_DIRECT_OBJC_ISA_USAGE = YES_ERROR;
				CLANG_WARN_DOCUMENTATION_COMMENTS = YES;
				CLANG_WARN_EMPTY_BODY = YES;
				CLANG_WARN_ENUM_CONVERSION = YES;
				CLANG_WARN_INFINITE_RECURSION = YES;
				CLANG_WARN_INT_CONVERSION = YES;
				CLANG_WARN_NON_LITERAL_NULL_CONVERSION = YES;
				CLANG_WARN_OBJC_IMPLICIT_RETAIN_SELF = YES;
				CLANG_WARN_OBJC_LITERAL_CONVERSION = YES;
				CLANG_WARN_OBJC_ROOT_CLASS = YES_ERROR;
				CLANG_WARN_QUOTED_INCLUDE_IN_FRAMEWORK_HEADER = YES;
				CLANG_WARN_RANGE_LOOP_ANALYSIS = YES;
				CLANG_WARN_STRICT_PROTOTYPES = YES;
				CLANG_WARN_SUSPICIOUS_MOVE = YES;
				CLANG_WARN_UNGUARDED_AVAILABILITY = YES_AGGRESSIVE;
				CLANG_WARN_UNREACHABLE_CODE = YES;
				CLANG_WARN__DUPLICATE_METHOD_MATCH = YES;
				COPY_PHASE_STRIP = NO;
				DEBUG_INFORMATION_FORMAT = "dwarf-with-dsym";
				ENABLE_NS_ASSERTIONS = NO;
				ENABLE_STRICT_OBJC_MSGSEND = YES;
				ENABLE_USER_SCRIPT_SANDBOXING = YES;
				GCC_C_LANGUAGE_STANDARD = gnu17;
				GCC_NO_COMMON_BLOCKS = YES;
				GCC_WARN_64_TO_32_BIT_CONVERSION = YES;
				GCC_WARN_ABOUT_RETURN_TYPE = YES_ERROR;
				GCC_WARN_UNDECLARED_SELECTOR = YES;
				GCC_WARN_UNINITIALIZED_AUTOS = YES_AGGRESSIVE;
				GCC_WARN_UNUSED_FUNCTION = YES;
				GCC_WARN_UNUSED_VARIABLE = YES;
				IPHONEOS_DEPLOYMENT_TARGET = 17.2;
				LOCALIZATION_PREFERS_STRING_CATALOGS = YES;
				MTL_ENABLE_DEBUG_INFO = NO;
				MTL_FAST_MATH = YES;
				SDKROOT = iphoneos;
				SWIFT_COMPILATION_MODE = wholemodule;
				VALIDATE_PRODUCT = YES;
			};
			name = Release;
		};
		5D1296F62C55B05E00A9D40D /* Debug */ = {
			isa = XCBuildConfiguration;
			buildSettings = {
				ASSETCATALOG_COMPILER_APPICON_NAME = AppIcon;
				ASSETCATALOG_COMPILER_GLOBAL_ACCENT_COLOR_NAME = AccentColor;
				CODE_SIGN_STYLE = Automatic;
				CURRENT_PROJECT_VERSION = 1;
				DEVELOPMENT_ASSET_PATHS = "\"Oxford Picture Dictionary/Preview Content\"";
				DEVELOPMENT_TEAM = KDFWD22A6K;
				ENABLE_PREVIEWS = YES;
				GENERATE_INFOPLIST_FILE = YES;
				INFOPLIST_KEY_CFBundleDisplayName = "Oxford Picture Dictionary";
				INFOPLIST_KEY_LSApplicationCategoryType = "public.app-category.education";
				INFOPLIST_KEY_UIApplicationSceneManifest_Generation = YES;
				INFOPLIST_KEY_UIApplicationSupportsIndirectInputEvents = YES;
				INFOPLIST_KEY_UILaunchScreen_Generation = YES;
				INFOPLIST_KEY_UISupportedInterfaceOrientations_iPad = "UIInterfaceOrientationPortrait UIInterfaceOrientationPortraitUpsideDown UIInterfaceOrientationLandscapeLeft UIInterfaceOrientationLandscapeRight";
				INFOPLIST_KEY_UISupportedInterfaceOrientations_iPhone = "UIInterfaceOrientationPortrait UIInterfaceOrientationLandscapeLeft UIInterfaceOrientationLandscapeRight";
				LD_RUNPATH_SEARCH_PATHS = (
					"$(inherited)",
					"@executable_path/Frameworks",
				);
				MARKETING_VERSION = 1.0;
				PRODUCT_BUNDLE_IDENTIFIER = "KolynEnterprise.Oxford-Picture-Dictionary";
				PRODUCT_NAME = "$(TARGET_NAME)";
				SWIFT_EMIT_LOC_STRINGS = YES;
				SWIFT_VERSION = 5.0;
				TARGETED_DEVICE_FAMILY = "1,2";
			};
			name = Debug;
		};
		5D1296F72C55B05E00A9D40D /* Release */ = {
			isa = XCBuildConfiguration;
			buildSettings = {
				ASSETCATALOG_COMPILER_APPICON_NAME = AppIcon;
				ASSETCATALOG_COMPILER_GLOBAL_ACCENT_COLOR_NAME = AccentColor;
				CODE_SIGN_STYLE = Automatic;
				CURRENT_PROJECT_VERSION = 1;
				DEVELOPMENT_ASSET_PATHS = "\"Oxford Picture Dictionary/Preview Content\"";
				DEVELOPMENT_TEAM = KDFWD22A6K;
				ENABLE_PREVIEWS = YES;
				GENERATE_INFOPLIST_FILE = YES;
				INFOPLIST_KEY_CFBundleDisplayName = "Oxford Picture Dictionary";
				INFOPLIST_KEY_LSApplicationCategoryType = "public.app-category.education";
				INFOPLIST_KEY_UIApplicationSceneManifest_Generation = YES;
				INFOPLIST_KEY_UIApplicationSupportsIndirectInputEvents = YES;
				INFOPLIST_KEY_UILaunchScreen_Generation = YES;
				INFOPLIST_KEY_UISupportedInterfaceOrientations_iPad = "UIInterfaceOrientationPortrait UIInterfaceOrientationPortraitUpsideDown UIInterfaceOrientationLandscapeLeft UIInterfaceOrientationLandscapeRight";
				INFOPLIST_KEY_UISupportedInterfaceOrientations_iPhone = "UIInterfaceOrientationPortrait UIInterfaceOrientationLandscapeLeft UIInterfaceOrientationLandscapeRight";
				LD_RUNPATH_SEARCH_PATHS = (
					"$(inherited)",
					"@executable_path/Frameworks",
				);
				MARKETING_VERSION = 1.0;
				PRODUCT_BUNDLE_IDENTIFIER = "KolynEnterprise.Oxford-Picture-Dictionary";
				PRODUCT_NAME = "$(TARGET_NAME)";
				SWIFT_EMIT_LOC_STRINGS = YES;
				SWIFT_VERSION = 5.0;
				TARGETED_DEVICE_FAMILY = "1,2";
			};
			name = Release;
		};
		5D1296F92C55B05E00A9D40D /* Debug */ = {
			isa = XCBuildConfiguration;
			buildSettings = {
				ALWAYS_EMBED_SWIFT_STANDARD_LIBRARIES = YES;
				BUNDLE_LOADER = "$(TEST_HOST)";
				CODE_SIGN_STYLE = Automatic;
				CURRENT_PROJECT_VERSION = 1;
				DEVELOPMENT_TEAM = KDFWD22A6K;
				GENERATE_INFOPLIST_FILE = YES;
				IPHONEOS_DEPLOYMENT_TARGET = 17.2;
				MARKETING_VERSION = 1.0;
				PRODUCT_BUNDLE_IDENTIFIER = "KolynEnterprise.Oxford-Picture-DictionaryTests";
				PRODUCT_NAME = "$(TARGET_NAME)";
				SWIFT_EMIT_LOC_STRINGS = NO;
				SWIFT_VERSION = 5.0;
				TARGETED_DEVICE_FAMILY = "1,2";
				TEST_HOST = "$(BUILT_PRODUCTS_DIR)/Oxford Picture Dictionary.app/$(BUNDLE_EXECUTABLE_FOLDER_PATH)/Oxford Picture Dictionary";
			};
			name = Debug;
		};
		5D1296FA2C55B05E00A9D40D /* Release */ = {
			isa = XCBuildConfiguration;
			buildSettings = {
				ALWAYS_EMBED_SWIFT_STANDARD_LIBRARIES = YES;
				BUNDLE_LOADER = "$(TEST_HOST)";
				CODE_SIGN_STYLE = Automatic;
				CURRENT_PROJECT_VERSION = 1;
				DEVELOPMENT_TEAM = KDFWD22A6K;
				GENERATE_INFOPLIST_FILE = YES;
				IPHONEOS_DEPLOYMENT_TARGET = 17.2;
				MARKETING_VERSION = 1.0;
				PRODUCT_BUNDLE_IDENTIFIER = "KolynEnterprise.Oxford-Picture-DictionaryTests";
				PRODUCT_NAME = "$(TARGET_NAME)";
				SWIFT_EMIT_LOC_STRINGS = NO;
				SWIFT_VERSION = 5.0;
				TARGETED_DEVICE_FAMILY = "1,2";
				TEST_HOST = "$(BUILT_PRODUCTS_DIR)/Oxford Picture Dictionary.app/$(BUNDLE_EXECUTABLE_FOLDER_PATH)/Oxford Picture Dictionary";
			};
			name = Release;
		};
		5D1296FC2C55B05E00A9D40D /* Debug */ = {
			isa = XCBuildConfiguration;
			buildSettings = {
				ALWAYS_EMBED_SWIFT_STANDARD_LIBRARIES = YES;
				CODE_SIGN_STYLE = Automatic;
				CURRENT_PROJECT_VERSION = 1;
				DEVELOPMENT_TEAM = KDFWD22A6K;
				GENERATE_INFOPLIST_FILE = YES;
				MARKETING_VERSION = 1.0;
				PRODUCT_BUNDLE_IDENTIFIER = "KolynEnterprise.Oxford-Picture-DictionaryUITests";
				PRODUCT_NAME = "$(TARGET_NAME)";
				SWIFT_EMIT_LOC_STRINGS = NO;
				SWIFT_VERSION = 5.0;
				TARGETED_DEVICE_FAMILY = "1,2";
				TEST_TARGET_NAME = "Oxford Picture Dictionary";
			};
			name = Debug;
		};
		5D1296FD2C55B05E00A9D40D /* Release */ = {
			isa = XCBuildConfiguration;
			buildSettings = {
				ALWAYS_EMBED_SWIFT_STANDARD_LIBRARIES = YES;
				CODE_SIGN_STYLE = Automatic;
				CURRENT_PROJECT_VERSION = 1;
				DEVELOPMENT_TEAM = KDFWD22A6K;
				GENERATE_INFOPLIST_FILE = YES;
				MARKETING_VERSION = 1.0;
				PRODUCT_BUNDLE_IDENTIFIER = "KolynEnterprise.Oxford-Picture-DictionaryUITests";
				PRODUCT_NAME = "$(TARGET_NAME)";
				SWIFT_EMIT_LOC_STRINGS = NO;
				SWIFT_VERSION = 5.0;
				TARGETED_DEVICE_FAMILY = "1,2";
				TEST_TARGET_NAME = "Oxford Picture Dictionary";
			};
			name = Release;
		};
/* End XCBuildConfiguration section */

/* Begin XCConfigurationList section */
		5D1296CA2C55B05B00A9D40D /* Build configuration list for PBXProject "Oxford Picture Dictionary" */ = {
			isa = XCConfigurationList;
			buildConfigurations = (
				5D1296F32C55B05E00A9D40D /* Debug */,
				5D1296F42C55B05E00A9D40D /* Release */,
			);
			defaultConfigurationIsVisible = 0;
			defaultConfigurationName = Release;
		};
		5D1296F52C55B05E00A9D40D /* Build configuration list for PBXNativeTarget "Oxford Picture Dictionary" */ = {
			isa = XCConfigurationList;
			buildConfigurations = (
				5D1296F62C55B05E00A9D40D /* Debug */,
				5D1296F72C55B05E00A9D40D /* Release */,
			);
			defaultConfigurationIsVisible = 0;
			defaultConfigurationName = Release;
		};
		5D1296F82C55B05E00A9D40D /* Build configuration list for PBXNativeTarget "Oxford Picture DictionaryTests" */ = {
			isa = XCConfigurationList;
			buildConfigurations = (
				5D1296F92C55B05E00A9D40D /* Debug */,
				5D1296FA2C55B05E00A9D40D /* Release */,
			);
			defaultConfigurationIsVisible = 0;
			defaultConfigurationName = Release;
		};
		5D1296FB2C55B05E00A9D40D /* Build configuration list for PBXNativeTarget "Oxford Picture DictionaryUITests" */ = {
			isa = XCConfigurationList;
			buildConfigurations = (
				5D1296FC2C55B05E00A9D40D /* Debug */,
				5D1296FD2C55B05E00A9D40D /* Release */,
			);
			defaultConfigurationIsVisible = 0;
			defaultConfigurationName = Release;
		};
/* End XCConfigurationList section */
	};
	rootObject = 5D1296C72C55B05B00A9D40D /* Project object */;
}
